
Microsoft Visual Studio Solution File, Format Version 12.00
# Visual Studio Version 17
VisualStudioVersion = 17.4.33205.214
MinimumVisualStudioVersion = 10.0.40219.1
Project("{8BC9CEB8-8B4A-11D0-8D11-00A0C91BC942}") = "Direct2DClock", "Direct2DClock\Direct2DClock.vcxproj", "{9EB0726A-AA9E-4372-81F0-68AD18E82CCB}"
EndProject
Project("{2150E333-8FDC-42A3-9474-1A3956D46DE8}") = "Lib", "Lib", "{A9A7E9AB-319E-4AA6-B2E7-D551B28A485B}"
EndProject
Project("{8BC9CEB8-8B4A-11D0-8D11-00A0C91BC942}") = "GacUILite", "..\Lib\GacUILite\GacUILite.vcxproj", "{96C559CA-9718-4BEC-A053-28A0AB6A8CA2}"
EndProject
Project("{8BC9CEB8-8B4A-11D0-8D11-00A0C91BC942}") = "WindowIcon", "WindowIcon\WindowIcon.vcxproj", "{05144B92-0CDF-4E81-A151-413305E40CE9}"
EndProject
Global
	GlobalSection(SolutionConfigurationPlatforms) = preSolution
		Debug|Win32 = Debug|Win32
		Debug|x64 = Debug|x64
		Release|Win32 = Release|Win32
		Release|x64 = Release|x64
	EndGlobalSection
	GlobalSection(ProjectConfigurationPlatforms) = postSolution
		{9EB0726A-AA9E-4372-81F0-68AD18E82CCB}.Debug|Win32.ActiveCfg = Debug|Win32
		{9EB0726A-AA9E-4372-81F0-68AD18E82CCB}.Debug|Win32.Build.0 = Debug|Win32
		{9EB0726A-AA9E-4372-81F0-68AD18E82CCB}.Debug|x64.ActiveCfg = Debug|x64
		{9EB0726A-AA9E-4372-81F0-68AD18E82CCB}.Debug|x64.Build.0 = Debug|x64
		{9EB0726A-AA9E-4372-81F0-68AD18E82CCB}.Release|Win32.ActiveCfg = Release|Win32
		{9EB0726A-AA9E-4372-81F0-68AD18E82CCB}.Release|Win32.Build.0 = Release|Win32
		{9EB0726A-AA9E-4372-81F0-68AD18E82CCB}.Release|x64.ActiveCfg = Release|x64
		{9EB0726A-AA9E-4372-81F0-68AD18E82CCB}.Release|x64.Build.0 = Release|x64
		{96C559CA-9718-4BEC-A053-28A0AB6A8CA2}.Debug|Win32.ActiveCfg = Debug|Win32
		{96C559CA-9718-4BEC-A053-28A0AB6A8CA2}.Debug|Win32.Build.0 = Debug|Win32
		{96C559CA-9718-4BEC-A053-28A0AB6A8CA2}.Debug|x64.ActiveCfg = Debug|x64
		{96C559CA-9718-4BEC-A053-28A0AB6A8CA2}.Debug|x64.Build.0 = Debug|x64
		{96C559CA-9718-4BEC-A053-28A0AB6A8CA2}.Release|Win32.ActiveCfg = Release|Win32
		{96C559CA-9718-4BEC-A053-28A0AB6A8CA2}.Release|Win32.Build.0 = Release|Win32
		{96C559CA-9718-4BEC-A053-28A0AB6A8CA2}.Release|x64.ActiveCfg = Release|x64
		{96C559CA-9718-4BEC-A053-28A0AB6A8CA2}.Release|x64.Build.0 = Release|x64
		{05144B92-0CDF-4E81-A151-413305E40CE9}.Debug|Win32.ActiveCfg = Debug|Win32
		{05144B92-0CDF-4E81-A151-413305E40CE9}.Debug|Win32.Build.0 = Debug|Win32
		{05144B92-0CDF-4E81-A151-413305E40CE9}.Debug|x64.ActiveCfg = Debug|x64
		{05144B92-0CDF-4E81-A151-413305E40CE9}.Debug|x64.Build.0 = Debug|x64
		{05144B92-0CDF-4E81-A151-413305E40CE9}.Release|Win32.ActiveCfg = Release|Win32
		{05144B92-0CDF-4E81-A151-413305E40CE9}.Release|Win32.Build.0 = Release|Win32
		{05144B92-0CDF-4E81-A151-413305E40CE9}.Release|x64.ActiveCfg = Release|x64
		{05144B92-0CDF-4E81-A151-413305E40CE9}.Release|x64.Build.0 = Release|x64
	EndGlobalSection
	GlobalSection(SolutionProperties) = preSolution
		HideSolutionNode = FALSE
	EndGlobalSection
	GlobalSection(NestedProjects) = preSolution
		{96C559CA-9718-4BEC-A053-28A0AB6A8CA2} = {A9A7E9AB-319E-4AA6-B2E7-D551B28A485B}
	EndGlobalSection
	GlobalSection(ExtensibilityGlobals) = postSolution
		SolutionGuid = {B1695089-4980-4B45-8BFD-9E55CA064276}
	EndGlobalSection
EndGlobal
