<?xml version="1.0" encoding="utf-8"?>
<Project ToolsVersion="4.0" xmlns="http://schemas.microsoft.com/developer/msbuild/2003">
  <ItemGroup>
    <Filter Include="Source Files">
      <UniqueIdentifier>{897B92AE-517A-4565-931A-357D2DAC3965}</UniqueIdentifier>
    </Filter>
    <Filter Include="Header Files">
      <UniqueIdentifier>{63008A86-88DB-43B6-BFD3-FC964F2BA226}</UniqueIdentifier>
    </Filter>
    <Filter Include="Resource Files">
      <UniqueIdentifier>{87CA9483-84FA-4EB3-9ACA-659DC0B087E9}</UniqueIdentifier>
    </Filter>
  </ItemGroup>
  <ItemGroup>
    <ClCompile Include="Source\Main.cpp">
      <Filter>Source Files</Filter>
    </ClCompile>
    <ClInclude Include="GitView\Source\GitView.h">
      <Filter>Header Files</Filter>
    </ClInclude>
    <ClInclude Include="GitView\Source\GitViewPartialClasses.h">
      <Filter>Header Files</Filter>
    </ClInclude>
    <ClCompile Include="GitView\Source\GitViewPartialClasses.cpp">
      <Filter>Source Files</Filter>
    </ClCompile>
    <ClInclude Include="GitView\Source\GitViewReflection.h">
      <Filter>Header Files</Filter>
    </ClInclude>
    <ClCompile Include="GitView\Source\GitViewReflection.cpp">
      <Filter>Source Files</Filter>
    </ClCompile>
    <ClCompile Include="GitView\Source\GitViewResource.cpp">
      <Filter>Source Files</Filter>
    </ClCompile>
    <ClInclude Include="GitView\Model\Git.h">
      <Filter>Header Files</Filter>
    </ClInclude>
    <ClCompile Include="GitView\Model\Git.cpp">
      <Filter>Source Files</Filter>
    </ClCompile>
    <ClCompile Include="GitView\Model\Command.Windows.cpp">
      <Filter>Source Files</Filter>
    </ClCompile>
    <ClCompile Include="GitView\Model\Command.Linux.cpp">
      <Filter>Source Files</Filter>
    </ClCompile>
    <ClInclude Include="GitView\ViewModel\GitViewModel.h">
      <Filter>Header Files</Filter>
    </ClInclude>
    <ClCompile Include="GitView\ViewModel\GitViewModel.cpp">
      <Filter>Source Files</Filter>
    </ClCompile>
    <ClCompile Include="..\..\..\Import\Vlpp.cpp">
      <Filter>Source Files</Filter>
    </ClCompile>
    <ClCompile Include="..\..\..\Import\Vlpp.Windows.cpp">
      <Filter>Source Files</Filter>
    </ClCompile>
    <ClCompile Include="..\..\..\Import\Vlpp.Linux.cpp">
      <Filter>Source Files</Filter>
    </ClCompile>
    <ClCompile Include="..\..\..\Import\VlppOS.cpp">
      <Filter>Source Files</Filter>
    </ClCompile>
    <ClCompile Include="..\..\..\Import\VlppOS.Windows.cpp">
      <Filter>Source Files</Filter>
    </ClCompile>
    <ClCompile Include="..\..\..\Import\VlppOS.Linux.cpp">
      <Filter>Source Files</Filter>
    </ClCompile>
    <ClCompile Include="..\..\..\Import\VlppRegex.cpp">
      <Filter>Source Files</Filter>
    </ClCompile>
    <ClCompile Include="..\..\..\Import\VlppReflection.cpp">
      <Filter>Source Files</Filter>
    </ClCompile>
    <ClCompile Include="..\..\..\Import\VlppGlrParser.cpp">
      <Filter>Source Files</Filter>
    </ClCompile>
    <ClCompile Include="..\..\..\Import\VlppWorkflowLibrary.cpp">
      <Filter>Source Files</Filter>
    </ClCompile>
    <ClCompile Include="..\..\..\Import\GacUI.cpp">
      <Filter>Source Files</Filter>
    </ClCompile>
    <ClCompile Include="..\..\..\Import\GacUI.Windows.cpp">
      <Filter>Source Files</Filter>
    </ClCompile>
    <ClCompile Include="..\..\..\Import\Skins\TuiSkin\TuiSkin.cpp">
      <Filter>Source Files</Filter>
    </ClCompile>
    <ClInclude Include="..\..\..\Import\Vlpp.h">
      <Filter>Header Files</Filter>
    </ClInclude>
    <ClInclude Include="..\..\..\Import\VlppOS.h">
      <Filter>Header Files</Filter>
    </ClInclude>
    <ClInclude Include="..\..\..\Import\VlppOS.Windows.h">
      <Filter>Header Files</Filter>
    </ClInclude>
    <ClInclude Include="..\..\..\Import\VlppRegex.h">
      <Filter>Header Files</Filter>
    </ClInclude>
    <ClInclude Include="..\..\..\Import\VlppReflection.h">
      <Filter>Header Files</Filter>
    </ClInclude>
    <ClInclude Include="..\..\..\Import\VlppGlrParser.h">
      <Filter>Header Files</Filter>
    </ClInclude>
    <ClInclude Include="..\..\..\Import\VlppWorkflowLibrary.h">
      <Filter>Header Files</Filter>
    </ClInclude>
    <ClInclude Include="..\..\..\Import\GacUI.h">
      <Filter>Header Files</Filter>
    </ClInclude>
    <ClInclude Include="..\..\..\Import\GacUI.Windows.h">
      <Filter>Header Files</Filter>
    </ClInclude>
    <ClInclude Include="..\..\..\Import\Skins\TuiSkin\TuiSkin.h">
      <Filter>Header Files</Filter>
    </ClInclude>
  </ItemGroup>
</Project>