<?xml version="1.0" encoding="utf-8"?>
<Project ToolsVersion="4.0" xmlns="http://schemas.microsoft.com/developer/msbuild/2003">
  <ItemGroup>
    <Filter Include="Source Files">
      <UniqueIdentifier>{4FC737F1-C7A5-4376-A066-2A32D752A2FF}</UniqueIdentifier>
      <Extensions>cpp;c;cc;cxx;def;odl;idl;hpj;bat;asm;asmx</Extensions>
    </Filter>
    <Filter Include="Header Files">
      <UniqueIdentifier>{93995380-89BD-4b04-88EB-625FBE52EBFB}</UniqueIdentifier>
      <Extensions>h;hh;hpp;hxx;hm;inl;inc;xsd</Extensions>
    </Filter>
    <Filter Include="Resource Files">
      <UniqueIdentifier>{67DA6AB6-F800-4c08-8B7A-83BB121AAD01}</UniqueIdentifier>
      <Extensions>rc;ico;cur;bmp;dlg;rc2;rct;bin;rgs;gif;jpg;jpeg;jpe;resx;tiff;tif;png;wav;mfcribbon-ms</Extensions>
    </Filter>
    <Filter Include="UI">
      <UniqueIdentifier>{da083a3e-40d5-4084-9b00-ea95886358e4}</UniqueIdentifier>
    </Filter>
    <Filter Include="Resource Files\Images">
      <UniqueIdentifier>{08c7de64-704d-4f99-8f25-512fdc4620ec}</UniqueIdentifier>
    </Filter>
  </ItemGroup>
  <ItemGroup>
    <ClCompile Include="Main.cpp">
      <Filter>Source Files</Filter>
    </ClCompile>
    <ClCompile Include="UI\Source\DemoPartialClasses.cpp">
      <Filter>UI</Filter>
    </ClCompile>
    <ClCompile Include="UI\Source\MainWindow.cpp">
      <Filter>UI</Filter>
    </ClCompile>
    <ClCompile Include="UI\Source\AboutWindow.cpp">
      <Filter>UI</Filter>
    </ClCompile>
    <ClCompile Include="UI\Source\FindWindow.cpp">
      <Filter>UI</Filter>
    </ClCompile>
  </ItemGroup>
  <ItemGroup>
    <Xml Include="UI\Resource.xml">
      <Filter>Resource Files</Filter>
    </Xml>
    <Xml Include="UI\Images\Folder.xml">
      <Filter>Resource Files\Images</Filter>
    </Xml>
    <Xml Include="UI\AboutWindow.xml">
      <Filter>Resource Files</Filter>
    </Xml>
    <Xml Include="UI\MainWindow.xml">
      <Filter>Resource Files</Filter>
    </Xml>
    <Xml Include="UI\FindWindow.xml">
      <Filter>Resource Files</Filter>
    </Xml>
  </ItemGroup>
  <ItemGroup>
    <ClInclude Include="UI\Source\DemoPartialClasses.h">
      <Filter>UI</Filter>
    </ClInclude>
    <ClInclude Include="UI\Source\Demo.h">
      <Filter>UI</Filter>
    </ClInclude>
    <ClInclude Include="UI\Source\MainWindow.h">
      <Filter>UI</Filter>
    </ClInclude>
    <ClInclude Include="UI\Source\AboutWindow.h">
      <Filter>UI</Filter>
    </ClInclude>
    <ClInclude Include="Utilities.h">
      <Filter>Header Files</Filter>
    </ClInclude>
    <ClInclude Include="UI\Source\FindWindow.h">
      <Filter>UI</Filter>
    </ClInclude>
  </ItemGroup>
  <ItemGroup>
    <Image Include="UI\Images\EditCopy.png">
      <Filter>Resource Files\Images</Filter>
    </Image>
    <Image Include="UI\Images\EditCut.png">
      <Filter>Resource Files\Images</Filter>
    </Image>
    <Image Include="UI\Images\EditDelete.png">
      <Filter>Resource Files\Images</Filter>
    </Image>
    <Image Include="UI\Images\EditFind.png">
      <Filter>Resource Files\Images</Filter>
    </Image>
    <Image Include="UI\Images\EditPaste.png">
      <Filter>Resource Files\Images</Filter>
    </Image>
    <Image Include="UI\Images\EditRedo.png">
      <Filter>Resource Files\Images</Filter>
    </Image>
    <Image Include="UI\Images\EditUndo.png">
      <Filter>Resource Files\Images</Filter>
    </Image>
    <Image Include="UI\Images\New.png">
      <Filter>Resource Files\Images</Filter>
    </Image>
    <Image Include="UI\Images\NewText.png">
      <Filter>Resource Files\Images</Filter>
    </Image>
    <Image Include="UI\Images\NewXml.png">
      <Filter>Resource Files\Images</Filter>
    </Image>
    <Image Include="UI\Images\Open.png">
      <Filter>Resource Files\Images</Filter>
    </Image>
    <Image Include="UI\Images\Save.png">
      <Filter>Resource Files\Images</Filter>
    </Image>
    <Image Include="UI\Images\SaveAs.png">
      <Filter>Resource Files\Images</Filter>
    </Image>
  </ItemGroup>
</Project>