
Microsoft Visual Studio Solution File, Format Version 12.00
# Visual Studio 15
VisualStudioVersion = 15.0.28307.421
MinimumVisualStudioVersion = 10.0.40219.1
Project("{8BC9CEB8-8B4A-11D0-8D11-00A0C91BC942}") = "W01_RunningWorkflowScripts", "W01_RunningWorkflowScripts\W01_RunningWorkflowScripts.vcxproj", "{87541FF9-7C18-4C72-9E45-B9A3BD0D7FED}"
EndProject
Project("{8BC9CEB8-8B4A-11D0-8D11-00A0C91BC942}") = "Lib", "Lib\Lib.vcxproj", "{6D6FE50E-FD92-46F1-8897-3045E14BE02B}"
EndProject
Project("{8BC9CEB8-8B4A-11D0-8D11-00A0C91BC942}") = "W02_InvokingCppClasses", "W02_InvokingCppClasses\W02_InvokingCppClasses.vcxproj", "{ABA9D015-844F-427C-B4A8-9DE69A2A56B2}"
EndProject
Project("{8BC9CEB8-8B4A-11D0-8D11-00A0C91BC942}") = "W03_InheritingCppInterfaces", "W03_InheritingCppInterfaces\W03_InheritingCppInterfaces.vcxproj", "{E53A8108-D14F-453D-969E-D00E2668396C}"
EndProject
Project("{8BC9CEB8-8B4A-11D0-8D11-00A0C91BC942}") = "W04_InheritingCppClasses", "W04_InheritingCppClasses\W04_InheritingCppClasses.vcxproj", "{0A86BD59-877D-440B-9E7D-7E1E7DF6AB2C}"
EndProject
Project("{2150E333-8FDC-42A3-9474-1A3956D46DE8}") = "W05", "W05", "{C130C55A-3D7D-4A29-AF6F-056E8AFD7B84}"
EndProject
Project("{8BC9CEB8-8B4A-11D0-8D11-00A0C91BC942}") = "W05_Compile", "W05_Compile\W05_Compile.vcxproj", "{6C22B120-73DA-4201-B664-962B69A4ADF6}"
EndProject
Project("{8BC9CEB8-8B4A-11D0-8D11-00A0C91BC942}") = "W05_DynamicRun", "W05_DynamicRun\W05_DynamicRun.vcxproj", "{CF91D631-EEA0-4DDB-B12B-2A2DE63F5EB7}"
EndProject
Project("{8BC9CEB8-8B4A-11D0-8D11-00A0C91BC942}") = "W05_StaticRun", "W05_StaticRun\W05_StaticRun.vcxproj", "{9D3FAA11-10ED-44E0-B894-9F89D86D14A0}"
EndProject
Project("{8BC9CEB8-8B4A-11D0-8D11-00A0C91BC942}") = "W06_Debugging", "W06_Debugging\W06_Debugging.vcxproj", "{0E92FAE3-6D5F-4C93-A8F5-568BAEE08944}"
EndProject
Global
	GlobalSection(SolutionConfigurationPlatforms) = preSolution
		Debug|x64 = Debug|x64
		Debug|x86 = Debug|x86
		Release|x64 = Release|x64
		Release|x86 = Release|x86
	EndGlobalSection
	GlobalSection(ProjectConfigurationPlatforms) = postSolution
		{87541FF9-7C18-4C72-9E45-B9A3BD0D7FED}.Debug|x64.ActiveCfg = Debug|x64
		{87541FF9-7C18-4C72-9E45-B9A3BD0D7FED}.Debug|x64.Build.0 = Debug|x64
		{87541FF9-7C18-4C72-9E45-B9A3BD0D7FED}.Debug|x86.ActiveCfg = Debug|Win32
		{87541FF9-7C18-4C72-9E45-B9A3BD0D7FED}.Debug|x86.Build.0 = Debug|Win32
		{87541FF9-7C18-4C72-9E45-B9A3BD0D7FED}.Release|x64.ActiveCfg = Release|x64
		{87541FF9-7C18-4C72-9E45-B9A3BD0D7FED}.Release|x64.Build.0 = Release|x64
		{87541FF9-7C18-4C72-9E45-B9A3BD0D7FED}.Release|x86.ActiveCfg = Release|Win32
		{87541FF9-7C18-4C72-9E45-B9A3BD0D7FED}.Release|x86.Build.0 = Release|Win32
		{6D6FE50E-FD92-46F1-8897-3045E14BE02B}.Debug|x64.ActiveCfg = Debug|x64
		{6D6FE50E-FD92-46F1-8897-3045E14BE02B}.Debug|x64.Build.0 = Debug|x64
		{6D6FE50E-FD92-46F1-8897-3045E14BE02B}.Debug|x86.ActiveCfg = Debug|Win32
		{6D6FE50E-FD92-46F1-8897-3045E14BE02B}.Debug|x86.Build.0 = Debug|Win32
		{6D6FE50E-FD92-46F1-8897-3045E14BE02B}.Release|x64.ActiveCfg = Release|x64
		{6D6FE50E-FD92-46F1-8897-3045E14BE02B}.Release|x64.Build.0 = Release|x64
		{6D6FE50E-FD92-46F1-8897-3045E14BE02B}.Release|x86.ActiveCfg = Release|Win32
		{6D6FE50E-FD92-46F1-8897-3045E14BE02B}.Release|x86.Build.0 = Release|Win32
		{ABA9D015-844F-427C-B4A8-9DE69A2A56B2}.Debug|x64.ActiveCfg = Debug|x64
		{ABA9D015-844F-427C-B4A8-9DE69A2A56B2}.Debug|x64.Build.0 = Debug|x64
		{ABA9D015-844F-427C-B4A8-9DE69A2A56B2}.Debug|x86.ActiveCfg = Debug|Win32
		{ABA9D015-844F-427C-B4A8-9DE69A2A56B2}.Debug|x86.Build.0 = Debug|Win32
		{ABA9D015-844F-427C-B4A8-9DE69A2A56B2}.Release|x64.ActiveCfg = Release|x64
		{ABA9D015-844F-427C-B4A8-9DE69A2A56B2}.Release|x64.Build.0 = Release|x64
		{ABA9D015-844F-427C-B4A8-9DE69A2A56B2}.Release|x86.ActiveCfg = Release|Win32
		{ABA9D015-844F-427C-B4A8-9DE69A2A56B2}.Release|x86.Build.0 = Release|Win32
		{E53A8108-D14F-453D-969E-D00E2668396C}.Debug|x64.ActiveCfg = Debug|x64
		{E53A8108-D14F-453D-969E-D00E2668396C}.Debug|x64.Build.0 = Debug|x64
		{E53A8108-D14F-453D-969E-D00E2668396C}.Debug|x86.ActiveCfg = Debug|Win32
		{E53A8108-D14F-453D-969E-D00E2668396C}.Debug|x86.Build.0 = Debug|Win32
		{E53A8108-D14F-453D-969E-D00E2668396C}.Release|x64.ActiveCfg = Release|x64
		{E53A8108-D14F-453D-969E-D00E2668396C}.Release|x64.Build.0 = Release|x64
		{E53A8108-D14F-453D-969E-D00E2668396C}.Release|x86.ActiveCfg = Release|Win32
		{E53A8108-D14F-453D-969E-D00E2668396C}.Release|x86.Build.0 = Release|Win32
		{0A86BD59-877D-440B-9E7D-7E1E7DF6AB2C}.Debug|x64.ActiveCfg = Debug|x64
		{0A86BD59-877D-440B-9E7D-7E1E7DF6AB2C}.Debug|x64.Build.0 = Debug|x64
		{0A86BD59-877D-440B-9E7D-7E1E7DF6AB2C}.Debug|x86.ActiveCfg = Debug|Win32
		{0A86BD59-877D-440B-9E7D-7E1E7DF6AB2C}.Debug|x86.Build.0 = Debug|Win32
		{0A86BD59-877D-440B-9E7D-7E1E7DF6AB2C}.Release|x64.ActiveCfg = Release|x64
		{0A86BD59-877D-440B-9E7D-7E1E7DF6AB2C}.Release|x64.Build.0 = Release|x64
		{0A86BD59-877D-440B-9E7D-7E1E7DF6AB2C}.Release|x86.ActiveCfg = Release|Win32
		{0A86BD59-877D-440B-9E7D-7E1E7DF6AB2C}.Release|x86.Build.0 = Release|Win32
		{6C22B120-73DA-4201-B664-962B69A4ADF6}.Debug|x64.ActiveCfg = Debug|x64
		{6C22B120-73DA-4201-B664-962B69A4ADF6}.Debug|x64.Build.0 = Debug|x64
		{6C22B120-73DA-4201-B664-962B69A4ADF6}.Debug|x86.ActiveCfg = Debug|Win32
		{6C22B120-73DA-4201-B664-962B69A4ADF6}.Debug|x86.Build.0 = Debug|Win32
		{6C22B120-73DA-4201-B664-962B69A4ADF6}.Release|x64.ActiveCfg = Release|x64
		{6C22B120-73DA-4201-B664-962B69A4ADF6}.Release|x64.Build.0 = Release|x64
		{6C22B120-73DA-4201-B664-962B69A4ADF6}.Release|x86.ActiveCfg = Release|Win32
		{6C22B120-73DA-4201-B664-962B69A4ADF6}.Release|x86.Build.0 = Release|Win32
		{CF91D631-EEA0-4DDB-B12B-2A2DE63F5EB7}.Debug|x64.ActiveCfg = Debug|x64
		{CF91D631-EEA0-4DDB-B12B-2A2DE63F5EB7}.Debug|x64.Build.0 = Debug|x64
		{CF91D631-EEA0-4DDB-B12B-2A2DE63F5EB7}.Debug|x86.ActiveCfg = Debug|Win32
		{CF91D631-EEA0-4DDB-B12B-2A2DE63F5EB7}.Debug|x86.Build.0 = Debug|Win32
		{CF91D631-EEA0-4DDB-B12B-2A2DE63F5EB7}.Release|x64.ActiveCfg = Release|x64
		{CF91D631-EEA0-4DDB-B12B-2A2DE63F5EB7}.Release|x64.Build.0 = Release|x64
		{CF91D631-EEA0-4DDB-B12B-2A2DE63F5EB7}.Release|x86.ActiveCfg = Release|Win32
		{CF91D631-EEA0-4DDB-B12B-2A2DE63F5EB7}.Release|x86.Build.0 = Release|Win32
		{9D3FAA11-10ED-44E0-B894-9F89D86D14A0}.Debug|x64.ActiveCfg = Debug|x64
		{9D3FAA11-10ED-44E0-B894-9F89D86D14A0}.Debug|x64.Build.0 = Debug|x64
		{9D3FAA11-10ED-44E0-B894-9F89D86D14A0}.Debug|x86.ActiveCfg = Debug|Win32
		{9D3FAA11-10ED-44E0-B894-9F89D86D14A0}.Debug|x86.Build.0 = Debug|Win32
		{9D3FAA11-10ED-44E0-B894-9F89D86D14A0}.Release|x64.ActiveCfg = Release|x64
		{9D3FAA11-10ED-44E0-B894-9F89D86D14A0}.Release|x64.Build.0 = Release|x64
		{9D3FAA11-10ED-44E0-B894-9F89D86D14A0}.Release|x86.ActiveCfg = Release|Win32
		{9D3FAA11-10ED-44E0-B894-9F89D86D14A0}.Release|x86.Build.0 = Release|Win32
		{0E92FAE3-6D5F-4C93-A8F5-568BAEE08944}.Debug|x64.ActiveCfg = Debug|x64
		{0E92FAE3-6D5F-4C93-A8F5-568BAEE08944}.Debug|x64.Build.0 = Debug|x64
		{0E92FAE3-6D5F-4C93-A8F5-568BAEE08944}.Debug|x86.ActiveCfg = Debug|Win32
		{0E92FAE3-6D5F-4C93-A8F5-568BAEE08944}.Debug|x86.Build.0 = Debug|Win32
		{0E92FAE3-6D5F-4C93-A8F5-568BAEE08944}.Release|x64.ActiveCfg = Release|x64
		{0E92FAE3-6D5F-4C93-A8F5-568BAEE08944}.Release|x64.Build.0 = Release|x64
		{0E92FAE3-6D5F-4C93-A8F5-568BAEE08944}.Release|x86.ActiveCfg = Release|Win32
		{0E92FAE3-6D5F-4C93-A8F5-568BAEE08944}.Release|x86.Build.0 = Release|Win32
	EndGlobalSection
	GlobalSection(SolutionProperties) = preSolution
		HideSolutionNode = FALSE
	EndGlobalSection
	GlobalSection(NestedProjects) = preSolution
		{6C22B120-73DA-4201-B664-962B69A4ADF6} = {C130C55A-3D7D-4A29-AF6F-056E8AFD7B84}
		{CF91D631-EEA0-4DDB-B12B-2A2DE63F5EB7} = {C130C55A-3D7D-4A29-AF6F-056E8AFD7B84}
		{9D3FAA11-10ED-44E0-B894-9F89D86D14A0} = {C130C55A-3D7D-4A29-AF6F-056E8AFD7B84}
	EndGlobalSection
	GlobalSection(ExtensibilityGlobals) = postSolution
		SolutionGuid = {4713731F-A486-4B5C-B6D6-92928DB5CEE5}
	EndGlobalSection
EndGlobal
