
Microsoft Visual Studio Solution File, Format Version 12.00
# Visual Studio Version 17
VisualStudioVersion = 17.4.33205.214
MinimumVisualStudioVersion = 10.0.40219.1
Project("{8BC9CEB8-8B4A-11D0-8D11-00A0C91BC942}") = "ContainersAndButtons", "ContainersAndButtons\ContainersAndButtons.vcxproj", "{0C211930-C5DA-4567-A752-1D847CADEC1C}"
EndProject
Project("{2150E333-8FDC-42A3-9474-1A3956D46DE8}") = "Lib", "Lib", "{739DADD1-5B91-464A-B477-7581D6323E2B}"
EndProject
Project("{8BC9CEB8-8B4A-11D0-8D11-00A0C91BC942}") = "GacUILite", "..\Lib\GacUILite\GacUILite.vcxproj", "{96C559CA-9718-4BEC-A053-28A0AB6A8CA2}"
EndProject
Project("{8BC9CEB8-8B4A-11D0-8D11-00A0C91BC942}") = "TextEditor", "TextEditor\TextEditor.vcxproj", "{66069A5E-F697-42E2-8D9E-7D6E82019838}"
EndProject
Project("{8BC9CEB8-8B4A-11D0-8D11-00A0C91BC942}") = "ColorPicker", "ColorPicker\ColorPicker.vcxproj", "{FBBBA8BF-96A4-4096-8204-A92571100F0E}"
EndProject
Project("{8BC9CEB8-8B4A-11D0-8D11-00A0C91BC942}") = "AddressBook", "AddressBook\AddressBook.vcxproj", "{7F92FCD2-8A1E-4C73-9949-91555BEF3832}"
EndProject
Project("{8BC9CEB8-8B4A-11D0-8D11-00A0C91BC942}") = "ProgressAndAsync", "ProgressAndAsync\ProgressAndAsync.vcxproj", "{32CC91B1-D3A5-4030-9355-EAE1B87E12AB}"
EndProject
Project("{8BC9CEB8-8B4A-11D0-8D11-00A0C91BC942}") = "ListControls", "ListControls\ListControls.vcxproj", "{3E4357C6-179C-457E-ACCD-7ADE1887183F}"
EndProject
Project("{8BC9CEB8-8B4A-11D0-8D11-00A0C91BC942}") = "DataGrid", "DataGrid\DataGrid.vcxproj", "{4A3E9DB2-C440-42B5-AFCC-0FCA01909BF1}"
EndProject
Project("{8BC9CEB8-8B4A-11D0-8D11-00A0C91BC942}") = "DocumentEditor", "DocumentEditor\DocumentEditor.vcxproj", "{DB0EEADE-E377-4A35-A432-96982EFC6AF6}"
EndProject
Project("{8BC9CEB8-8B4A-11D0-8D11-00A0C91BC942}") = "CalculatorAndStateMachine", "CalculatorAndStateMachine\CalculatorAndStateMachine.vcxproj", "{7A1792BE-F866-44EE-83BF-E686BDA54B37}"
EndProject
Project("{8BC9CEB8-8B4A-11D0-8D11-00A0C91BC942}") = "Animation", "Animation\Animation.vcxproj", "{2D3277A7-05CC-4F4C-B12D-DAEDA13B4E5E}"
EndProject
Project("{8BC9CEB8-8B4A-11D0-8D11-00A0C91BC942}") = "MenuVisibility", "MenuVisibility\MenuVisibility.vcxproj", "{AE7EDFDA-A4D8-4992-87D6-BA1085B801F8}"
EndProject
Project("{8BC9CEB8-8B4A-11D0-8D11-00A0C91BC942}") = "Localization", "Localization\Localization.vcxproj", "{145FBB41-62AB-4E29-B5A5-0F48518AECC7}"
EndProject
Project("{8BC9CEB8-8B4A-11D0-8D11-00A0C91BC942}") = "DocumentEditorToolstrip", "DocumentEditorToolstrip\DocumentEditorToolstrip.vcxproj", "{167634D8-D94B-4F76-9CEF-30B2D3D33308}"
EndProject
Project("{8BC9CEB8-8B4A-11D0-8D11-00A0C91BC942}") = "DocumentEditorRibbon", "DocumentEditorRibbon\DocumentEditorRibbon.vcxproj", "{5B82834D-51AB-44D1-B5D4-F1209F7EC54F}"
EndProject
Project("{8BC9CEB8-8B4A-11D0-8D11-00A0C91BC942}") = "TriplePhaseImageButton", "TriplePhaseImageButton\TriplePhaseImageButton.vcxproj", "{924D3A27-4CAC-4D7C-AC10-2A003375E444}"
EndProject
Project("{8BC9CEB8-8B4A-11D0-8D11-00A0C91BC942}") = "QueryService", "QueryService\QueryService.vcxproj", "{54A3E487-AF4A-4148-B28C-6190A52CC5D1}"
EndProject
Project("{8BC9CEB8-8B4A-11D0-8D11-00A0C91BC942}") = "Win11ToolstripMenu", "Win11ToolstripMenu\Win11ToolstripMenu.vcxproj", "{1955DEBE-9913-45D6-B819-9ADB52E5A447}"
EndProject
Project("{8BC9CEB8-8B4A-11D0-8D11-00A0C91BC942}") = "ColorPicker2", "ColorPicker2\ColorPicker2.vcxproj", "{ACC58445-C99B-463D-AB8B-FCC9B85693D4}"
EndProject
Project("{8BC9CEB8-8B4A-11D0-8D11-00A0C91BC942}") = "Dialogs", "Dialogs\Dialogs.vcxproj", "{5D6CC27A-A227-4A12-B56E-827E671F1445}"
EndProject
Project("{8BC9CEB8-8B4A-11D0-8D11-00A0C91BC942}") = "GlobalHotKey", "GlobalHotKey\GlobalHotKey.vcxproj", "{817507B6-7715-4C02-8DEA-28F55F8E6C03}"
EndProject
Global
	GlobalSection(SolutionConfigurationPlatforms) = preSolution
		Debug|Win32 = Debug|Win32
		Debug|x64 = Debug|x64
		Release|Win32 = Release|Win32
		Release|x64 = Release|x64
	EndGlobalSection
	GlobalSection(ProjectConfigurationPlatforms) = postSolution
		{0C211930-C5DA-4567-A752-1D847CADEC1C}.Debug|Win32.ActiveCfg = Debug|Win32
		{0C211930-C5DA-4567-A752-1D847CADEC1C}.Debug|Win32.Build.0 = Debug|Win32
		{0C211930-C5DA-4567-A752-1D847CADEC1C}.Debug|x64.ActiveCfg = Debug|x64
		{0C211930-C5DA-4567-A752-1D847CADEC1C}.Debug|x64.Build.0 = Debug|x64
		{0C211930-C5DA-4567-A752-1D847CADEC1C}.Release|Win32.ActiveCfg = Release|Win32
		{0C211930-C5DA-4567-A752-1D847CADEC1C}.Release|Win32.Build.0 = Release|Win32
		{0C211930-C5DA-4567-A752-1D847CADEC1C}.Release|x64.ActiveCfg = Release|x64
		{0C211930-C5DA-4567-A752-1D847CADEC1C}.Release|x64.Build.0 = Release|x64
		{96C559CA-9718-4BEC-A053-28A0AB6A8CA2}.Debug|Win32.ActiveCfg = Debug|Win32
		{96C559CA-9718-4BEC-A053-28A0AB6A8CA2}.Debug|Win32.Build.0 = Debug|Win32
		{96C559CA-9718-4BEC-A053-28A0AB6A8CA2}.Debug|x64.ActiveCfg = Debug|x64
		{96C559CA-9718-4BEC-A053-28A0AB6A8CA2}.Debug|x64.Build.0 = Debug|x64
		{96C559CA-9718-4BEC-A053-28A0AB6A8CA2}.Release|Win32.ActiveCfg = Release|Win32
		{96C559CA-9718-4BEC-A053-28A0AB6A8CA2}.Release|Win32.Build.0 = Release|Win32
		{96C559CA-9718-4BEC-A053-28A0AB6A8CA2}.Release|x64.ActiveCfg = Release|x64
		{96C559CA-9718-4BEC-A053-28A0AB6A8CA2}.Release|x64.Build.0 = Release|x64
		{66069A5E-F697-42E2-8D9E-7D6E82019838}.Debug|Win32.ActiveCfg = Debug|Win32
		{66069A5E-F697-42E2-8D9E-7D6E82019838}.Debug|Win32.Build.0 = Debug|Win32
		{66069A5E-F697-42E2-8D9E-7D6E82019838}.Debug|x64.ActiveCfg = Debug|x64
		{66069A5E-F697-42E2-8D9E-7D6E82019838}.Debug|x64.Build.0 = Debug|x64
		{66069A5E-F697-42E2-8D9E-7D6E82019838}.Release|Win32.ActiveCfg = Release|Win32
		{66069A5E-F697-42E2-8D9E-7D6E82019838}.Release|Win32.Build.0 = Release|Win32
		{66069A5E-F697-42E2-8D9E-7D6E82019838}.Release|x64.ActiveCfg = Release|x64
		{66069A5E-F697-42E2-8D9E-7D6E82019838}.Release|x64.Build.0 = Release|x64
		{FBBBA8BF-96A4-4096-8204-A92571100F0E}.Debug|Win32.ActiveCfg = Debug|Win32
		{FBBBA8BF-96A4-4096-8204-A92571100F0E}.Debug|Win32.Build.0 = Debug|Win32
		{FBBBA8BF-96A4-4096-8204-A92571100F0E}.Debug|x64.ActiveCfg = Debug|x64
		{FBBBA8BF-96A4-4096-8204-A92571100F0E}.Debug|x64.Build.0 = Debug|x64
		{FBBBA8BF-96A4-4096-8204-A92571100F0E}.Release|Win32.ActiveCfg = Release|Win32
		{FBBBA8BF-96A4-4096-8204-A92571100F0E}.Release|Win32.Build.0 = Release|Win32
		{FBBBA8BF-96A4-4096-8204-A92571100F0E}.Release|x64.ActiveCfg = Release|x64
		{FBBBA8BF-96A4-4096-8204-A92571100F0E}.Release|x64.Build.0 = Release|x64
		{7F92FCD2-8A1E-4C73-9949-91555BEF3832}.Debug|Win32.ActiveCfg = Debug|Win32
		{7F92FCD2-8A1E-4C73-9949-91555BEF3832}.Debug|Win32.Build.0 = Debug|Win32
		{7F92FCD2-8A1E-4C73-9949-91555BEF3832}.Debug|x64.ActiveCfg = Debug|x64
		{7F92FCD2-8A1E-4C73-9949-91555BEF3832}.Debug|x64.Build.0 = Debug|x64
		{7F92FCD2-8A1E-4C73-9949-91555BEF3832}.Release|Win32.ActiveCfg = Release|Win32
		{7F92FCD2-8A1E-4C73-9949-91555BEF3832}.Release|Win32.Build.0 = Release|Win32
		{7F92FCD2-8A1E-4C73-9949-91555BEF3832}.Release|x64.ActiveCfg = Release|x64
		{7F92FCD2-8A1E-4C73-9949-91555BEF3832}.Release|x64.Build.0 = Release|x64
		{32CC91B1-D3A5-4030-9355-EAE1B87E12AB}.Debug|Win32.ActiveCfg = Debug|Win32
		{32CC91B1-D3A5-4030-9355-EAE1B87E12AB}.Debug|Win32.Build.0 = Debug|Win32
		{32CC91B1-D3A5-4030-9355-EAE1B87E12AB}.Debug|x64.ActiveCfg = Debug|x64
		{32CC91B1-D3A5-4030-9355-EAE1B87E12AB}.Debug|x64.Build.0 = Debug|x64
		{32CC91B1-D3A5-4030-9355-EAE1B87E12AB}.Release|Win32.ActiveCfg = Release|Win32
		{32CC91B1-D3A5-4030-9355-EAE1B87E12AB}.Release|Win32.Build.0 = Release|Win32
		{32CC91B1-D3A5-4030-9355-EAE1B87E12AB}.Release|x64.ActiveCfg = Release|x64
		{32CC91B1-D3A5-4030-9355-EAE1B87E12AB}.Release|x64.Build.0 = Release|x64
		{3E4357C6-179C-457E-ACCD-7ADE1887183F}.Debug|Win32.ActiveCfg = Debug|Win32
		{3E4357C6-179C-457E-ACCD-7ADE1887183F}.Debug|Win32.Build.0 = Debug|Win32
		{3E4357C6-179C-457E-ACCD-7ADE1887183F}.Debug|x64.ActiveCfg = Debug|x64
		{3E4357C6-179C-457E-ACCD-7ADE1887183F}.Debug|x64.Build.0 = Debug|x64
		{3E4357C6-179C-457E-ACCD-7ADE1887183F}.Release|Win32.ActiveCfg = Release|Win32
		{3E4357C6-179C-457E-ACCD-7ADE1887183F}.Release|Win32.Build.0 = Release|Win32
		{3E4357C6-179C-457E-ACCD-7ADE1887183F}.Release|x64.ActiveCfg = Release|x64
		{3E4357C6-179C-457E-ACCD-7ADE1887183F}.Release|x64.Build.0 = Release|x64
		{4A3E9DB2-C440-42B5-AFCC-0FCA01909BF1}.Debug|Win32.ActiveCfg = Debug|Win32
		{4A3E9DB2-C440-42B5-AFCC-0FCA01909BF1}.Debug|Win32.Build.0 = Debug|Win32
		{4A3E9DB2-C440-42B5-AFCC-0FCA01909BF1}.Debug|x64.ActiveCfg = Debug|x64
		{4A3E9DB2-C440-42B5-AFCC-0FCA01909BF1}.Debug|x64.Build.0 = Debug|x64
		{4A3E9DB2-C440-42B5-AFCC-0FCA01909BF1}.Release|Win32.ActiveCfg = Release|Win32
		{4A3E9DB2-C440-42B5-AFCC-0FCA01909BF1}.Release|Win32.Build.0 = Release|Win32
		{4A3E9DB2-C440-42B5-AFCC-0FCA01909BF1}.Release|x64.ActiveCfg = Release|x64
		{4A3E9DB2-C440-42B5-AFCC-0FCA01909BF1}.Release|x64.Build.0 = Release|x64
		{DB0EEADE-E377-4A35-A432-96982EFC6AF6}.Debug|Win32.ActiveCfg = Debug|Win32
		{DB0EEADE-E377-4A35-A432-96982EFC6AF6}.Debug|Win32.Build.0 = Debug|Win32
		{DB0EEADE-E377-4A35-A432-96982EFC6AF6}.Debug|x64.ActiveCfg = Debug|x64
		{DB0EEADE-E377-4A35-A432-96982EFC6AF6}.Debug|x64.Build.0 = Debug|x64
		{DB0EEADE-E377-4A35-A432-96982EFC6AF6}.Release|Win32.ActiveCfg = Release|Win32
		{DB0EEADE-E377-4A35-A432-96982EFC6AF6}.Release|Win32.Build.0 = Release|Win32
		{DB0EEADE-E377-4A35-A432-96982EFC6AF6}.Release|x64.ActiveCfg = Release|x64
		{DB0EEADE-E377-4A35-A432-96982EFC6AF6}.Release|x64.Build.0 = Release|x64
		{7A1792BE-F866-44EE-83BF-E686BDA54B37}.Debug|Win32.ActiveCfg = Debug|Win32
		{7A1792BE-F866-44EE-83BF-E686BDA54B37}.Debug|Win32.Build.0 = Debug|Win32
		{7A1792BE-F866-44EE-83BF-E686BDA54B37}.Debug|x64.ActiveCfg = Debug|x64
		{7A1792BE-F866-44EE-83BF-E686BDA54B37}.Debug|x64.Build.0 = Debug|x64
		{7A1792BE-F866-44EE-83BF-E686BDA54B37}.Release|Win32.ActiveCfg = Release|Win32
		{7A1792BE-F866-44EE-83BF-E686BDA54B37}.Release|Win32.Build.0 = Release|Win32
		{7A1792BE-F866-44EE-83BF-E686BDA54B37}.Release|x64.ActiveCfg = Release|x64
		{7A1792BE-F866-44EE-83BF-E686BDA54B37}.Release|x64.Build.0 = Release|x64
		{2D3277A7-05CC-4F4C-B12D-DAEDA13B4E5E}.Debug|Win32.ActiveCfg = Debug|Win32
		{2D3277A7-05CC-4F4C-B12D-DAEDA13B4E5E}.Debug|Win32.Build.0 = Debug|Win32
		{2D3277A7-05CC-4F4C-B12D-DAEDA13B4E5E}.Debug|x64.ActiveCfg = Debug|x64
		{2D3277A7-05CC-4F4C-B12D-DAEDA13B4E5E}.Debug|x64.Build.0 = Debug|x64
		{2D3277A7-05CC-4F4C-B12D-DAEDA13B4E5E}.Release|Win32.ActiveCfg = Release|Win32
		{2D3277A7-05CC-4F4C-B12D-DAEDA13B4E5E}.Release|Win32.Build.0 = Release|Win32
		{2D3277A7-05CC-4F4C-B12D-DAEDA13B4E5E}.Release|x64.ActiveCfg = Release|x64
		{2D3277A7-05CC-4F4C-B12D-DAEDA13B4E5E}.Release|x64.Build.0 = Release|x64
		{AE7EDFDA-A4D8-4992-87D6-BA1085B801F8}.Debug|Win32.ActiveCfg = Debug|Win32
		{AE7EDFDA-A4D8-4992-87D6-BA1085B801F8}.Debug|Win32.Build.0 = Debug|Win32
		{AE7EDFDA-A4D8-4992-87D6-BA1085B801F8}.Debug|x64.ActiveCfg = Debug|x64
		{AE7EDFDA-A4D8-4992-87D6-BA1085B801F8}.Debug|x64.Build.0 = Debug|x64
		{AE7EDFDA-A4D8-4992-87D6-BA1085B801F8}.Release|Win32.ActiveCfg = Release|Win32
		{AE7EDFDA-A4D8-4992-87D6-BA1085B801F8}.Release|Win32.Build.0 = Release|Win32
		{AE7EDFDA-A4D8-4992-87D6-BA1085B801F8}.Release|x64.ActiveCfg = Release|x64
		{AE7EDFDA-A4D8-4992-87D6-BA1085B801F8}.Release|x64.Build.0 = Release|x64
		{145FBB41-62AB-4E29-B5A5-0F48518AECC7}.Debug|Win32.ActiveCfg = Debug|Win32
		{145FBB41-62AB-4E29-B5A5-0F48518AECC7}.Debug|Win32.Build.0 = Debug|Win32
		{145FBB41-62AB-4E29-B5A5-0F48518AECC7}.Debug|x64.ActiveCfg = Debug|x64
		{145FBB41-62AB-4E29-B5A5-0F48518AECC7}.Debug|x64.Build.0 = Debug|x64
		{145FBB41-62AB-4E29-B5A5-0F48518AECC7}.Release|Win32.ActiveCfg = Release|Win32
		{145FBB41-62AB-4E29-B5A5-0F48518AECC7}.Release|Win32.Build.0 = Release|Win32
		{145FBB41-62AB-4E29-B5A5-0F48518AECC7}.Release|x64.ActiveCfg = Release|x64
		{145FBB41-62AB-4E29-B5A5-0F48518AECC7}.Release|x64.Build.0 = Release|x64
		{167634D8-D94B-4F76-9CEF-30B2D3D33308}.Debug|Win32.ActiveCfg = Debug|Win32
		{167634D8-D94B-4F76-9CEF-30B2D3D33308}.Debug|Win32.Build.0 = Debug|Win32
		{167634D8-D94B-4F76-9CEF-30B2D3D33308}.Debug|x64.ActiveCfg = Debug|x64
		{167634D8-D94B-4F76-9CEF-30B2D3D33308}.Debug|x64.Build.0 = Debug|x64
		{167634D8-D94B-4F76-9CEF-30B2D3D33308}.Release|Win32.ActiveCfg = Release|Win32
		{167634D8-D94B-4F76-9CEF-30B2D3D33308}.Release|Win32.Build.0 = Release|Win32
		{167634D8-D94B-4F76-9CEF-30B2D3D33308}.Release|x64.ActiveCfg = Release|x64
		{167634D8-D94B-4F76-9CEF-30B2D3D33308}.Release|x64.Build.0 = Release|x64
		{5B82834D-51AB-44D1-B5D4-F1209F7EC54F}.Debug|Win32.ActiveCfg = Debug|Win32
		{5B82834D-51AB-44D1-B5D4-F1209F7EC54F}.Debug|Win32.Build.0 = Debug|Win32
		{5B82834D-51AB-44D1-B5D4-F1209F7EC54F}.Debug|x64.ActiveCfg = Debug|x64
		{5B82834D-51AB-44D1-B5D4-F1209F7EC54F}.Debug|x64.Build.0 = Debug|x64
		{5B82834D-51AB-44D1-B5D4-F1209F7EC54F}.Release|Win32.ActiveCfg = Release|Win32
		{5B82834D-51AB-44D1-B5D4-F1209F7EC54F}.Release|Win32.Build.0 = Release|Win32
		{5B82834D-51AB-44D1-B5D4-F1209F7EC54F}.Release|x64.ActiveCfg = Release|x64
		{5B82834D-51AB-44D1-B5D4-F1209F7EC54F}.Release|x64.Build.0 = Release|x64
		{924D3A27-4CAC-4D7C-AC10-2A003375E444}.Debug|Win32.ActiveCfg = Debug|Win32
		{924D3A27-4CAC-4D7C-AC10-2A003375E444}.Debug|Win32.Build.0 = Debug|Win32
		{924D3A27-4CAC-4D7C-AC10-2A003375E444}.Debug|x64.ActiveCfg = Debug|x64
		{924D3A27-4CAC-4D7C-AC10-2A003375E444}.Debug|x64.Build.0 = Debug|x64
		{924D3A27-4CAC-4D7C-AC10-2A003375E444}.Release|Win32.ActiveCfg = Release|Win32
		{924D3A27-4CAC-4D7C-AC10-2A003375E444}.Release|Win32.Build.0 = Release|Win32
		{924D3A27-4CAC-4D7C-AC10-2A003375E444}.Release|x64.ActiveCfg = Release|x64
		{924D3A27-4CAC-4D7C-AC10-2A003375E444}.Release|x64.Build.0 = Release|x64
		{54A3E487-AF4A-4148-B28C-6190A52CC5D1}.Debug|Win32.ActiveCfg = Debug|Win32
		{54A3E487-AF4A-4148-B28C-6190A52CC5D1}.Debug|Win32.Build.0 = Debug|Win32
		{54A3E487-AF4A-4148-B28C-6190A52CC5D1}.Debug|x64.ActiveCfg = Debug|x64
		{54A3E487-AF4A-4148-B28C-6190A52CC5D1}.Debug|x64.Build.0 = Debug|x64
		{54A3E487-AF4A-4148-B28C-6190A52CC5D1}.Release|Win32.ActiveCfg = Release|Win32
		{54A3E487-AF4A-4148-B28C-6190A52CC5D1}.Release|Win32.Build.0 = Release|Win32
		{54A3E487-AF4A-4148-B28C-6190A52CC5D1}.Release|x64.ActiveCfg = Release|x64
		{54A3E487-AF4A-4148-B28C-6190A52CC5D1}.Release|x64.Build.0 = Release|x64
		{1955DEBE-9913-45D6-B819-9ADB52E5A447}.Debug|Win32.ActiveCfg = Debug|Win32
		{1955DEBE-9913-45D6-B819-9ADB52E5A447}.Debug|Win32.Build.0 = Debug|Win32
		{1955DEBE-9913-45D6-B819-9ADB52E5A447}.Debug|x64.ActiveCfg = Debug|x64
		{1955DEBE-9913-45D6-B819-9ADB52E5A447}.Debug|x64.Build.0 = Debug|x64
		{1955DEBE-9913-45D6-B819-9ADB52E5A447}.Release|Win32.ActiveCfg = Release|Win32
		{1955DEBE-9913-45D6-B819-9ADB52E5A447}.Release|Win32.Build.0 = Release|Win32
		{1955DEBE-9913-45D6-B819-9ADB52E5A447}.Release|x64.ActiveCfg = Release|x64
		{1955DEBE-9913-45D6-B819-9ADB52E5A447}.Release|x64.Build.0 = Release|x64
		{ACC58445-C99B-463D-AB8B-FCC9B85693D4}.Debug|Win32.ActiveCfg = Debug|Win32
		{ACC58445-C99B-463D-AB8B-FCC9B85693D4}.Debug|Win32.Build.0 = Debug|Win32
		{ACC58445-C99B-463D-AB8B-FCC9B85693D4}.Debug|x64.ActiveCfg = Debug|x64
		{ACC58445-C99B-463D-AB8B-FCC9B85693D4}.Debug|x64.Build.0 = Debug|x64
		{ACC58445-C99B-463D-AB8B-FCC9B85693D4}.Release|Win32.ActiveCfg = Release|Win32
		{ACC58445-C99B-463D-AB8B-FCC9B85693D4}.Release|Win32.Build.0 = Release|Win32
		{ACC58445-C99B-463D-AB8B-FCC9B85693D4}.Release|x64.ActiveCfg = Release|x64
		{ACC58445-C99B-463D-AB8B-FCC9B85693D4}.Release|x64.Build.0 = Release|x64
		{5D6CC27A-A227-4A12-B56E-827E671F1445}.Debug|Win32.ActiveCfg = Debug|Win32
		{5D6CC27A-A227-4A12-B56E-827E671F1445}.Debug|Win32.Build.0 = Debug|Win32
		{5D6CC27A-A227-4A12-B56E-827E671F1445}.Debug|x64.ActiveCfg = Debug|x64
		{5D6CC27A-A227-4A12-B56E-827E671F1445}.Debug|x64.Build.0 = Debug|x64
		{5D6CC27A-A227-4A12-B56E-827E671F1445}.Release|Win32.ActiveCfg = Release|Win32
		{5D6CC27A-A227-4A12-B56E-827E671F1445}.Release|Win32.Build.0 = Release|Win32
		{5D6CC27A-A227-4A12-B56E-827E671F1445}.Release|x64.ActiveCfg = Release|x64
		{5D6CC27A-A227-4A12-B56E-827E671F1445}.Release|x64.Build.0 = Release|x64
		{817507B6-7715-4C02-8DEA-28F55F8E6C03}.Debug|Win32.ActiveCfg = Debug|Win32
		{817507B6-7715-4C02-8DEA-28F55F8E6C03}.Debug|Win32.Build.0 = Debug|Win32
		{817507B6-7715-4C02-8DEA-28F55F8E6C03}.Debug|x64.ActiveCfg = Debug|x64
		{817507B6-7715-4C02-8DEA-28F55F8E6C03}.Debug|x64.Build.0 = Debug|x64
		{817507B6-7715-4C02-8DEA-28F55F8E6C03}.Release|Win32.ActiveCfg = Release|Win32
		{817507B6-7715-4C02-8DEA-28F55F8E6C03}.Release|Win32.Build.0 = Release|Win32
		{817507B6-7715-4C02-8DEA-28F55F8E6C03}.Release|x64.ActiveCfg = Release|x64
		{817507B6-7715-4C02-8DEA-28F55F8E6C03}.Release|x64.Build.0 = Release|x64
	EndGlobalSection
	GlobalSection(SolutionProperties) = preSolution
		HideSolutionNode = FALSE
	EndGlobalSection
	GlobalSection(NestedProjects) = preSolution
		{96C559CA-9718-4BEC-A053-28A0AB6A8CA2} = {739DADD1-5B91-464A-B477-7581D6323E2B}
	EndGlobalSection
	GlobalSection(ExtensibilityGlobals) = postSolution
		SolutionGuid = {7905D32D-3D44-4C67-B616-778937E189F9}
	EndGlobalSection
EndGlobal
