
Microsoft Visual Studio Solution File, Format Version 12.00
# Visual Studio 14
VisualStudioVersion = 14.0.25420.1
MinimumVisualStudioVersion = 10.0.40219.1
Project("{8BC9CEB8-8B4A-11D0-8D11-00A0C91BC942}") = "ContainersAndButtons", "ContainersAndButtons\ContainersAndButtons.vcxproj", "{0C211930-C5DA-4567-A752-1D847CADEC1C}"
EndProject
Project("{2150E333-8FDC-42A3-9474-1A3956D46DE8}") = "Lib", "Lib", "{739DADD1-5B91-464A-B477-7581D6323E2B}"
EndProject
Project("{8BC9CEB8-8B4A-11D0-8D11-00A0C91BC942}") = "GacUILite", "..\Lib\GacUILite\GacUILite.vcxproj", "{96C559CA-9718-4BEC-A053-28A0AB6A8CA2}"
EndProject
Project("{8BC9CEB8-8B4A-11D0-8D11-00A0C91BC942}") = "TextEditor", "TextEditor\TextEditor.vcxproj", "{66069A5E-F697-42E2-8D9E-7D6E82019838}"
EndProject
Project("{8BC9CEB8-8B4A-11D0-8D11-00A0C91BC942}") = "ColorPicker", "ColorPicker\ColorPicker.vcxproj", "{FBBBA8BF-96A4-4096-8204-A92571100F0E}"
EndProject
Project("{8BC9CEB8-8B4A-11D0-8D11-00A0C91BC942}") = "AddressBook", "AddressBook\AddressBook.vcxproj", "{7F92FCD2-8A1E-4C73-9949-91555BEF3832}"
EndProject
Project("{8BC9CEB8-8B4A-11D0-8D11-00A0C91BC942}") = "ProgressAndAsync", "ProgressAndAsync\ProgressAndAsync.vcxproj", "{32CC91B1-D3A5-4030-9355-EAE1B87E12AB}"
EndProject
Project("{8BC9CEB8-8B4A-11D0-8D11-00A0C91BC942}") = "ListControls", "ListControls\ListControls.vcxproj", "{3E4357C6-179C-457E-ACCD-7ADE1887183F}"
EndProject
Project("{8BC9CEB8-8B4A-11D0-8D11-00A0C91BC942}") = "DataGrid", "DataGrid\DataGrid.vcxproj", "{4A3E9DB2-C440-42B5-AFCC-0FCA01909BF1}"
EndProject
Project("{8BC9CEB8-8B4A-11D0-8D11-00A0C91BC942}") = "DocumentEditor", "DocumentEditor\DocumentEditor.vcxproj", "{DB0EEADE-E377-4A35-A432-96982EFC6AF6}"
EndProject
Project("{8BC9CEB8-8B4A-11D0-8D11-00A0C91BC942}") = "CalculatorAndStateMachine", "CalculatorAndStateMachine\CalculatorAndStateMachine.vcxproj", "{7A1792BE-F866-44EE-83BF-E686BDA54B37}"
EndProject
Global
	GlobalSection(SolutionConfigurationPlatforms) = preSolution
		Debug|Win32 = Debug|Win32
		Debug|x64 = Debug|x64
		Release|Win32 = Release|Win32
		Release|x64 = Release|x64
	EndGlobalSection
	GlobalSection(ProjectConfigurationPlatforms) = postSolution
		{0C211930-C5DA-4567-A752-1D847CADEC1C}.Debug|Win32.ActiveCfg = Debug|Win32
		{0C211930-C5DA-4567-A752-1D847CADEC1C}.Debug|Win32.Build.0 = Debug|Win32
		{0C211930-C5DA-4567-A752-1D847CADEC1C}.Debug|x64.ActiveCfg = Debug|Win32
		{0C211930-C5DA-4567-A752-1D847CADEC1C}.Release|Win32.ActiveCfg = Release|Win32
		{0C211930-C5DA-4567-A752-1D847CADEC1C}.Release|Win32.Build.0 = Release|Win32
		{0C211930-C5DA-4567-A752-1D847CADEC1C}.Release|x64.ActiveCfg = Release|Win32
		{96C559CA-9718-4BEC-A053-28A0AB6A8CA2}.Debug|Win32.ActiveCfg = Debug|Win32
		{96C559CA-9718-4BEC-A053-28A0AB6A8CA2}.Debug|Win32.Build.0 = Debug|Win32
		{96C559CA-9718-4BEC-A053-28A0AB6A8CA2}.Debug|x64.ActiveCfg = Debug|Win32
		{96C559CA-9718-4BEC-A053-28A0AB6A8CA2}.Release|Win32.ActiveCfg = Release|Win32
		{96C559CA-9718-4BEC-A053-28A0AB6A8CA2}.Release|Win32.Build.0 = Release|Win32
		{96C559CA-9718-4BEC-A053-28A0AB6A8CA2}.Release|x64.ActiveCfg = Release|Win32
		{66069A5E-F697-42E2-8D9E-7D6E82019838}.Debug|Win32.ActiveCfg = Debug|Win32
		{66069A5E-F697-42E2-8D9E-7D6E82019838}.Debug|Win32.Build.0 = Debug|Win32
		{66069A5E-F697-42E2-8D9E-7D6E82019838}.Debug|x64.ActiveCfg = Debug|Win32
		{66069A5E-F697-42E2-8D9E-7D6E82019838}.Release|Win32.ActiveCfg = Release|Win32
		{66069A5E-F697-42E2-8D9E-7D6E82019838}.Release|Win32.Build.0 = Release|Win32
		{66069A5E-F697-42E2-8D9E-7D6E82019838}.Release|x64.ActiveCfg = Release|Win32
		{FBBBA8BF-96A4-4096-8204-A92571100F0E}.Debug|Win32.ActiveCfg = Debug|Win32
		{FBBBA8BF-96A4-4096-8204-A92571100F0E}.Debug|Win32.Build.0 = Debug|Win32
		{FBBBA8BF-96A4-4096-8204-A92571100F0E}.Debug|x64.ActiveCfg = Debug|Win32
		{FBBBA8BF-96A4-4096-8204-A92571100F0E}.Release|Win32.ActiveCfg = Release|Win32
		{FBBBA8BF-96A4-4096-8204-A92571100F0E}.Release|Win32.Build.0 = Release|Win32
		{FBBBA8BF-96A4-4096-8204-A92571100F0E}.Release|x64.ActiveCfg = Release|Win32
		{7F92FCD2-8A1E-4C73-9949-91555BEF3832}.Debug|Win32.ActiveCfg = Debug|Win32
		{7F92FCD2-8A1E-4C73-9949-91555BEF3832}.Debug|Win32.Build.0 = Debug|Win32
		{7F92FCD2-8A1E-4C73-9949-91555BEF3832}.Debug|x64.ActiveCfg = Debug|Win32
		{7F92FCD2-8A1E-4C73-9949-91555BEF3832}.Release|Win32.ActiveCfg = Release|Win32
		{7F92FCD2-8A1E-4C73-9949-91555BEF3832}.Release|Win32.Build.0 = Release|Win32
		{7F92FCD2-8A1E-4C73-9949-91555BEF3832}.Release|x64.ActiveCfg = Release|Win32
		{32CC91B1-D3A5-4030-9355-EAE1B87E12AB}.Debug|Win32.ActiveCfg = Debug|Win32
		{32CC91B1-D3A5-4030-9355-EAE1B87E12AB}.Debug|Win32.Build.0 = Debug|Win32
		{32CC91B1-D3A5-4030-9355-EAE1B87E12AB}.Debug|x64.ActiveCfg = Debug|x64
		{32CC91B1-D3A5-4030-9355-EAE1B87E12AB}.Debug|x64.Build.0 = Debug|x64
		{32CC91B1-D3A5-4030-9355-EAE1B87E12AB}.Release|Win32.ActiveCfg = Release|Win32
		{32CC91B1-D3A5-4030-9355-EAE1B87E12AB}.Release|Win32.Build.0 = Release|Win32
		{32CC91B1-D3A5-4030-9355-EAE1B87E12AB}.Release|x64.ActiveCfg = Release|x64
		{32CC91B1-D3A5-4030-9355-EAE1B87E12AB}.Release|x64.Build.0 = Release|x64
		{3E4357C6-179C-457E-ACCD-7ADE1887183F}.Debug|Win32.ActiveCfg = Debug|Win32
		{3E4357C6-179C-457E-ACCD-7ADE1887183F}.Debug|Win32.Build.0 = Debug|Win32
		{3E4357C6-179C-457E-ACCD-7ADE1887183F}.Debug|x64.ActiveCfg = Debug|x64
		{3E4357C6-179C-457E-ACCD-7ADE1887183F}.Debug|x64.Build.0 = Debug|x64
		{3E4357C6-179C-457E-ACCD-7ADE1887183F}.Release|Win32.ActiveCfg = Release|Win32
		{3E4357C6-179C-457E-ACCD-7ADE1887183F}.Release|Win32.Build.0 = Release|Win32
		{3E4357C6-179C-457E-ACCD-7ADE1887183F}.Release|x64.ActiveCfg = Release|x64
		{3E4357C6-179C-457E-ACCD-7ADE1887183F}.Release|x64.Build.0 = Release|x64
		{4A3E9DB2-C440-42B5-AFCC-0FCA01909BF1}.Debug|Win32.ActiveCfg = Debug|Win32
		{4A3E9DB2-C440-42B5-AFCC-0FCA01909BF1}.Debug|Win32.Build.0 = Debug|Win32
		{4A3E9DB2-C440-42B5-AFCC-0FCA01909BF1}.Debug|x64.ActiveCfg = Debug|x64
		{4A3E9DB2-C440-42B5-AFCC-0FCA01909BF1}.Debug|x64.Build.0 = Debug|x64
		{4A3E9DB2-C440-42B5-AFCC-0FCA01909BF1}.Release|Win32.ActiveCfg = Release|Win32
		{4A3E9DB2-C440-42B5-AFCC-0FCA01909BF1}.Release|Win32.Build.0 = Release|Win32
		{4A3E9DB2-C440-42B5-AFCC-0FCA01909BF1}.Release|x64.ActiveCfg = Release|x64
		{4A3E9DB2-C440-42B5-AFCC-0FCA01909BF1}.Release|x64.Build.0 = Release|x64
		{DB0EEADE-E377-4A35-A432-96982EFC6AF6}.Debug|Win32.ActiveCfg = Debug|Win32
		{DB0EEADE-E377-4A35-A432-96982EFC6AF6}.Debug|Win32.Build.0 = Debug|Win32
		{DB0EEADE-E377-4A35-A432-96982EFC6AF6}.Debug|x64.ActiveCfg = Debug|x64
		{DB0EEADE-E377-4A35-A432-96982EFC6AF6}.Debug|x64.Build.0 = Debug|x64
		{DB0EEADE-E377-4A35-A432-96982EFC6AF6}.Release|Win32.ActiveCfg = Release|Win32
		{DB0EEADE-E377-4A35-A432-96982EFC6AF6}.Release|Win32.Build.0 = Release|Win32
		{DB0EEADE-E377-4A35-A432-96982EFC6AF6}.Release|x64.ActiveCfg = Release|x64
		{DB0EEADE-E377-4A35-A432-96982EFC6AF6}.Release|x64.Build.0 = Release|x64
		{7A1792BE-F866-44EE-83BF-E686BDA54B37}.Debug|Win32.ActiveCfg = Debug|Win32
		{7A1792BE-F866-44EE-83BF-E686BDA54B37}.Debug|Win32.Build.0 = Debug|Win32
		{7A1792BE-F866-44EE-83BF-E686BDA54B37}.Debug|x64.ActiveCfg = Debug|x64
		{7A1792BE-F866-44EE-83BF-E686BDA54B37}.Debug|x64.Build.0 = Debug|x64
		{7A1792BE-F866-44EE-83BF-E686BDA54B37}.Release|Win32.ActiveCfg = Release|Win32
		{7A1792BE-F866-44EE-83BF-E686BDA54B37}.Release|Win32.Build.0 = Release|Win32
		{7A1792BE-F866-44EE-83BF-E686BDA54B37}.Release|x64.ActiveCfg = Release|x64
		{7A1792BE-F866-44EE-83BF-E686BDA54B37}.Release|x64.Build.0 = Release|x64
	EndGlobalSection
	GlobalSection(SolutionProperties) = preSolution
		HideSolutionNode = FALSE
	EndGlobalSection
	GlobalSection(NestedProjects) = preSolution
		{96C559CA-9718-4BEC-A053-28A0AB6A8CA2} = {739DADD1-5B91-464A-B477-7581D6323E2B}
	EndGlobalSection
EndGlobal
