
Microsoft Visual Studio Solution File, Format Version 12.00
# Visual Studio 2013
VisualStudioVersion = 12.0.21005.1
MinimumVisualStudioVersion = 10.0.40219.1
Project("{8BC9CEB8-8B4A-11D0-8D11-00A0C91BC942}") = "GacUILite", "GacUILite\GacUILite.vcxproj", "{96C559CA-9718-4BEC-A053-28A0AB6A8CA2}"
EndProject
Project("{8BC9CEB8-8B4A-11D0-8D11-00A0C91BC942}") = "GacUI", "GacUI\GacUI.vcxproj", "{8018D622-66BA-4E65-9D03-BDAC37EA9A54}"
EndProject
Project("{8BC9CEB8-8B4A-11D0-8D11-00A0C91BC942}") = "GacUIComplete", "GacUIComplete\GacUIComplete.vcxproj", "{3AEC5E1A-482F-41B1-8598-C02321621A64}"
EndProject
Global
	GlobalSection(SolutionConfigurationPlatforms) = preSolution
		Debug|Win32 = Debug|Win32
		Release|Win32 = Release|Win32
	EndGlobalSection
	GlobalSection(ProjectConfigurationPlatforms) = postSolution
		{96C559CA-9718-4BEC-A053-28A0AB6A8CA2}.Debug|Win32.ActiveCfg = Debug|Win32
		{96C559CA-9718-4BEC-A053-28A0AB6A8CA2}.Debug|Win32.Build.0 = Debug|Win32
		{96C559CA-9718-4BEC-A053-28A0AB6A8CA2}.Release|Win32.ActiveCfg = Release|Win32
		{96C559CA-9718-4BEC-A053-28A0AB6A8CA2}.Release|Win32.Build.0 = Release|Win32
		{8018D622-66BA-4E65-9D03-BDAC37EA9A54}.Debug|Win32.ActiveCfg = Debug|Win32
		{8018D622-66BA-4E65-9D03-BDAC37EA9A54}.Debug|Win32.Build.0 = Debug|Win32
		{8018D622-66BA-4E65-9D03-BDAC37EA9A54}.Release|Win32.ActiveCfg = Release|Win32
		{8018D622-66BA-4E65-9D03-BDAC37EA9A54}.Release|Win32.Build.0 = Release|Win32
		{3AEC5E1A-482F-41B1-8598-C02321621A64}.Debug|Win32.ActiveCfg = Debug|Win32
		{3AEC5E1A-482F-41B1-8598-C02321621A64}.Debug|Win32.Build.0 = Debug|Win32
		{3AEC5E1A-482F-41B1-8598-C02321621A64}.Release|Win32.ActiveCfg = Release|Win32
		{3AEC5E1A-482F-41B1-8598-C02321621A64}.Release|Win32.Build.0 = Release|Win32
	EndGlobalSection
	GlobalSection(SolutionProperties) = preSolution
		HideSolutionNode = FALSE
	EndGlobalSection
EndGlobal
