
Microsoft Visual Studio Solution File, Format Version 12.00
# Visual Studio Version 17
VisualStudioVersion = 17.4.33205.214
MinimumVisualStudioVersion = 10.0.40219.1
Project("{8BC9CEB8-8B4A-11D0-8D11-00A0C91BC942}") = "Alignment", "Alignment\Alignment.vcxproj", "{5250F07C-55C7-45F6-91E0-438792FB28DC}"
EndProject
Project("{2150E333-8FDC-42A3-9474-1A3956D46DE8}") = "Lib", "Lib", "{31A1319F-F666-4586-940C-7A05E56C9A59}"
EndProject
Project("{8BC9CEB8-8B4A-11D0-8D11-00A0C91BC942}") = "GacUILite", "..\Lib\GacUILite\GacUILite.vcxproj", "{96C559CA-9718-4BEC-A053-28A0AB6A8CA2}"
EndProject
Project("{8BC9CEB8-8B4A-11D0-8D11-00A0C91BC942}") = "Stack", "Stack\Stack.vcxproj", "{29B382EC-47FE-4514-89E1-20DAAB2129A3}"
EndProject
Project("{8BC9CEB8-8B4A-11D0-8D11-00A0C91BC942}") = "Table", "Table\Table.vcxproj", "{EB722167-66B6-4F11-809F-2B20FF2357FC}"
EndProject
Project("{8BC9CEB8-8B4A-11D0-8D11-00A0C91BC942}") = "Flow", "Flow\Flow.vcxproj", "{FAFF902E-3CB1-4898-A613-3B47869BB38F}"
EndProject
Project("{8BC9CEB8-8B4A-11D0-8D11-00A0C91BC942}") = "RichTextEmbedding", "RichTextEmbedding\RichTextEmbedding.vcxproj", "{A586B9AF-3C54-4353-9214-F15182C4BFB8}"
EndProject
Project("{8BC9CEB8-8B4A-11D0-8D11-00A0C91BC942}") = "TableSplitter", "TableSplitter\TableSplitter.vcxproj", "{B286F8B7-04DF-4850-9479-3A5F3D3C2554}"
EndProject
Project("{8BC9CEB8-8B4A-11D0-8D11-00A0C91BC942}") = "Responsive1", "Responsive1\Responsive1.vcxproj", "{B7E80D3D-6357-484C-A98F-17B6D6ABABF5}"
EndProject
Project("{8BC9CEB8-8B4A-11D0-8D11-00A0C91BC942}") = "Responsive2", "Responsive2\Responsive2.vcxproj", "{747D66CE-7F4C-44A0-BE17-99C23C8AC55F}"
EndProject
Project("{8BC9CEB8-8B4A-11D0-8D11-00A0C91BC942}") = "SharedSize", "SharedSize\SharedSize.vcxproj", "{8E2665E6-4FB4-429D-8D9F-E538B5D9894C}"
EndProject
Global
	GlobalSection(SolutionConfigurationPlatforms) = preSolution
		Debug|Win32 = Debug|Win32
		Debug|x64 = Debug|x64
		Release|Win32 = Release|Win32
		Release|x64 = Release|x64
	EndGlobalSection
	GlobalSection(ProjectConfigurationPlatforms) = postSolution
		{5250F07C-55C7-45F6-91E0-438792FB28DC}.Debug|Win32.ActiveCfg = Debug|Win32
		{5250F07C-55C7-45F6-91E0-438792FB28DC}.Debug|Win32.Build.0 = Debug|Win32
		{5250F07C-55C7-45F6-91E0-438792FB28DC}.Debug|x64.ActiveCfg = Debug|x64
		{5250F07C-55C7-45F6-91E0-438792FB28DC}.Debug|x64.Build.0 = Debug|x64
		{5250F07C-55C7-45F6-91E0-438792FB28DC}.Release|Win32.ActiveCfg = Release|Win32
		{5250F07C-55C7-45F6-91E0-438792FB28DC}.Release|Win32.Build.0 = Release|Win32
		{5250F07C-55C7-45F6-91E0-438792FB28DC}.Release|x64.ActiveCfg = Release|x64
		{5250F07C-55C7-45F6-91E0-438792FB28DC}.Release|x64.Build.0 = Release|x64
		{96C559CA-9718-4BEC-A053-28A0AB6A8CA2}.Debug|Win32.ActiveCfg = Debug|Win32
		{96C559CA-9718-4BEC-A053-28A0AB6A8CA2}.Debug|Win32.Build.0 = Debug|Win32
		{96C559CA-9718-4BEC-A053-28A0AB6A8CA2}.Debug|x64.ActiveCfg = Debug|x64
		{96C559CA-9718-4BEC-A053-28A0AB6A8CA2}.Debug|x64.Build.0 = Debug|x64
		{96C559CA-9718-4BEC-A053-28A0AB6A8CA2}.Release|Win32.ActiveCfg = Release|Win32
		{96C559CA-9718-4BEC-A053-28A0AB6A8CA2}.Release|Win32.Build.0 = Release|Win32
		{96C559CA-9718-4BEC-A053-28A0AB6A8CA2}.Release|x64.ActiveCfg = Release|x64
		{96C559CA-9718-4BEC-A053-28A0AB6A8CA2}.Release|x64.Build.0 = Release|x64
		{29B382EC-47FE-4514-89E1-20DAAB2129A3}.Debug|Win32.ActiveCfg = Debug|Win32
		{29B382EC-47FE-4514-89E1-20DAAB2129A3}.Debug|Win32.Build.0 = Debug|Win32
		{29B382EC-47FE-4514-89E1-20DAAB2129A3}.Debug|x64.ActiveCfg = Debug|x64
		{29B382EC-47FE-4514-89E1-20DAAB2129A3}.Debug|x64.Build.0 = Debug|x64
		{29B382EC-47FE-4514-89E1-20DAAB2129A3}.Release|Win32.ActiveCfg = Release|Win32
		{29B382EC-47FE-4514-89E1-20DAAB2129A3}.Release|Win32.Build.0 = Release|Win32
		{29B382EC-47FE-4514-89E1-20DAAB2129A3}.Release|x64.ActiveCfg = Release|x64
		{29B382EC-47FE-4514-89E1-20DAAB2129A3}.Release|x64.Build.0 = Release|x64
		{EB722167-66B6-4F11-809F-2B20FF2357FC}.Debug|Win32.ActiveCfg = Debug|Win32
		{EB722167-66B6-4F11-809F-2B20FF2357FC}.Debug|Win32.Build.0 = Debug|Win32
		{EB722167-66B6-4F11-809F-2B20FF2357FC}.Debug|x64.ActiveCfg = Debug|x64
		{EB722167-66B6-4F11-809F-2B20FF2357FC}.Debug|x64.Build.0 = Debug|x64
		{EB722167-66B6-4F11-809F-2B20FF2357FC}.Release|Win32.ActiveCfg = Release|Win32
		{EB722167-66B6-4F11-809F-2B20FF2357FC}.Release|Win32.Build.0 = Release|Win32
		{EB722167-66B6-4F11-809F-2B20FF2357FC}.Release|x64.ActiveCfg = Release|x64
		{EB722167-66B6-4F11-809F-2B20FF2357FC}.Release|x64.Build.0 = Release|x64
		{FAFF902E-3CB1-4898-A613-3B47869BB38F}.Debug|Win32.ActiveCfg = Debug|Win32
		{FAFF902E-3CB1-4898-A613-3B47869BB38F}.Debug|Win32.Build.0 = Debug|Win32
		{FAFF902E-3CB1-4898-A613-3B47869BB38F}.Debug|x64.ActiveCfg = Debug|x64
		{FAFF902E-3CB1-4898-A613-3B47869BB38F}.Debug|x64.Build.0 = Debug|x64
		{FAFF902E-3CB1-4898-A613-3B47869BB38F}.Release|Win32.ActiveCfg = Release|Win32
		{FAFF902E-3CB1-4898-A613-3B47869BB38F}.Release|Win32.Build.0 = Release|Win32
		{FAFF902E-3CB1-4898-A613-3B47869BB38F}.Release|x64.ActiveCfg = Release|x64
		{FAFF902E-3CB1-4898-A613-3B47869BB38F}.Release|x64.Build.0 = Release|x64
		{A586B9AF-3C54-4353-9214-F15182C4BFB8}.Debug|Win32.ActiveCfg = Debug|Win32
		{A586B9AF-3C54-4353-9214-F15182C4BFB8}.Debug|Win32.Build.0 = Debug|Win32
		{A586B9AF-3C54-4353-9214-F15182C4BFB8}.Debug|x64.ActiveCfg = Debug|x64
		{A586B9AF-3C54-4353-9214-F15182C4BFB8}.Debug|x64.Build.0 = Debug|x64
		{A586B9AF-3C54-4353-9214-F15182C4BFB8}.Release|Win32.ActiveCfg = Release|Win32
		{A586B9AF-3C54-4353-9214-F15182C4BFB8}.Release|Win32.Build.0 = Release|Win32
		{A586B9AF-3C54-4353-9214-F15182C4BFB8}.Release|x64.ActiveCfg = Release|x64
		{A586B9AF-3C54-4353-9214-F15182C4BFB8}.Release|x64.Build.0 = Release|x64
		{B286F8B7-04DF-4850-9479-3A5F3D3C2554}.Debug|Win32.ActiveCfg = Debug|Win32
		{B286F8B7-04DF-4850-9479-3A5F3D3C2554}.Debug|Win32.Build.0 = Debug|Win32
		{B286F8B7-04DF-4850-9479-3A5F3D3C2554}.Debug|x64.ActiveCfg = Debug|x64
		{B286F8B7-04DF-4850-9479-3A5F3D3C2554}.Debug|x64.Build.0 = Debug|x64
		{B286F8B7-04DF-4850-9479-3A5F3D3C2554}.Release|Win32.ActiveCfg = Release|Win32
		{B286F8B7-04DF-4850-9479-3A5F3D3C2554}.Release|Win32.Build.0 = Release|Win32
		{B286F8B7-04DF-4850-9479-3A5F3D3C2554}.Release|x64.ActiveCfg = Release|x64
		{B286F8B7-04DF-4850-9479-3A5F3D3C2554}.Release|x64.Build.0 = Release|x64
		{B7E80D3D-6357-484C-A98F-17B6D6ABABF5}.Debug|Win32.ActiveCfg = Debug|Win32
		{B7E80D3D-6357-484C-A98F-17B6D6ABABF5}.Debug|Win32.Build.0 = Debug|Win32
		{B7E80D3D-6357-484C-A98F-17B6D6ABABF5}.Debug|x64.ActiveCfg = Debug|x64
		{B7E80D3D-6357-484C-A98F-17B6D6ABABF5}.Debug|x64.Build.0 = Debug|x64
		{B7E80D3D-6357-484C-A98F-17B6D6ABABF5}.Release|Win32.ActiveCfg = Release|Win32
		{B7E80D3D-6357-484C-A98F-17B6D6ABABF5}.Release|Win32.Build.0 = Release|Win32
		{B7E80D3D-6357-484C-A98F-17B6D6ABABF5}.Release|x64.ActiveCfg = Release|x64
		{B7E80D3D-6357-484C-A98F-17B6D6ABABF5}.Release|x64.Build.0 = Release|x64
		{747D66CE-7F4C-44A0-BE17-99C23C8AC55F}.Debug|Win32.ActiveCfg = Debug|Win32
		{747D66CE-7F4C-44A0-BE17-99C23C8AC55F}.Debug|Win32.Build.0 = Debug|Win32
		{747D66CE-7F4C-44A0-BE17-99C23C8AC55F}.Debug|x64.ActiveCfg = Debug|x64
		{747D66CE-7F4C-44A0-BE17-99C23C8AC55F}.Debug|x64.Build.0 = Debug|x64
		{747D66CE-7F4C-44A0-BE17-99C23C8AC55F}.Release|Win32.ActiveCfg = Release|Win32
		{747D66CE-7F4C-44A0-BE17-99C23C8AC55F}.Release|Win32.Build.0 = Release|Win32
		{747D66CE-7F4C-44A0-BE17-99C23C8AC55F}.Release|x64.ActiveCfg = Release|x64
		{747D66CE-7F4C-44A0-BE17-99C23C8AC55F}.Release|x64.Build.0 = Release|x64
		{8E2665E6-4FB4-429D-8D9F-E538B5D9894C}.Debug|Win32.ActiveCfg = Debug|Win32
		{8E2665E6-4FB4-429D-8D9F-E538B5D9894C}.Debug|Win32.Build.0 = Debug|Win32
		{8E2665E6-4FB4-429D-8D9F-E538B5D9894C}.Debug|x64.ActiveCfg = Debug|x64
		{8E2665E6-4FB4-429D-8D9F-E538B5D9894C}.Debug|x64.Build.0 = Debug|x64
		{8E2665E6-4FB4-429D-8D9F-E538B5D9894C}.Release|Win32.ActiveCfg = Release|Win32
		{8E2665E6-4FB4-429D-8D9F-E538B5D9894C}.Release|Win32.Build.0 = Release|Win32
		{8E2665E6-4FB4-429D-8D9F-E538B5D9894C}.Release|x64.ActiveCfg = Release|x64
		{8E2665E6-4FB4-429D-8D9F-E538B5D9894C}.Release|x64.Build.0 = Release|x64
	EndGlobalSection
	GlobalSection(SolutionProperties) = preSolution
		HideSolutionNode = FALSE
	EndGlobalSection
	GlobalSection(NestedProjects) = preSolution
		{96C559CA-9718-4BEC-A053-28A0AB6A8CA2} = {31A1319F-F666-4586-940C-7A05E56C9A59}
	EndGlobalSection
	GlobalSection(ExtensibilityGlobals) = postSolution
		SolutionGuid = {00399219-9BAA-4ED9-96A5-521C5C9CE1C7}
	EndGlobalSection
EndGlobal
