
Microsoft Visual Studio Solution File, Format Version 12.00
# Visual Studio 2013
VisualStudioVersion = 12.0.21005.1
MinimumVisualStudioVersion = 10.0.40219.1
Project("{8BC9CEB8-8B4A-11D0-8D11-00A0C91BC942}") = "Instance_Window", "Instance_Window\Instance_Window.vcxproj", "{D9B60578-F5C6-4176-86D7-A3470B9DB902}"
EndProject
Project("{2150E333-8FDC-42A3-9474-1A3956D46DE8}") = "Lib", "Lib", "{34FA6257-2E1C-49A7-B962-1F945F58ACEA}"
EndProject
Project("{8BC9CEB8-8B4A-11D0-8D11-00A0C91BC942}") = "GacUILite", "..\Lib\GacUILite\GacUILite.vcxproj", "{96C559CA-9718-4BEC-A053-28A0AB6A8CA2}"
EndProject
Project("{8BC9CEB8-8B4A-11D0-8D11-00A0C91BC942}") = "GacUI", "..\Lib\GacUI\GacUI.vcxproj", "{8018D622-66BA-4E65-9D03-BDAC37EA9A54}"
EndProject
Global
	GlobalSection(SolutionConfigurationPlatforms) = preSolution
		Debug|Win32 = Debug|Win32
		Release|Win32 = Release|Win32
	EndGlobalSection
	GlobalSection(ProjectConfigurationPlatforms) = postSolution
		{D9B60578-F5C6-4176-86D7-A3470B9DB902}.Debug|Win32.ActiveCfg = Debug|Win32
		{D9B60578-F5C6-4176-86D7-A3470B9DB902}.Debug|Win32.Build.0 = Debug|Win32
		{D9B60578-F5C6-4176-86D7-A3470B9DB902}.Release|Win32.ActiveCfg = Release|Win32
		{D9B60578-F5C6-4176-86D7-A3470B9DB902}.Release|Win32.Build.0 = Release|Win32
		{96C559CA-9718-4BEC-A053-28A0AB6A8CA2}.Debug|Win32.ActiveCfg = Debug|Win32
		{96C559CA-9718-4BEC-A053-28A0AB6A8CA2}.Debug|Win32.Build.0 = Debug|Win32
		{96C559CA-9718-4BEC-A053-28A0AB6A8CA2}.Release|Win32.ActiveCfg = Release|Win32
		{96C559CA-9718-4BEC-A053-28A0AB6A8CA2}.Release|Win32.Build.0 = Release|Win32
		{8018D622-66BA-4E65-9D03-BDAC37EA9A54}.Debug|Win32.ActiveCfg = Debug|Win32
		{8018D622-66BA-4E65-9D03-BDAC37EA9A54}.Debug|Win32.Build.0 = Debug|Win32
		{8018D622-66BA-4E65-9D03-BDAC37EA9A54}.Release|Win32.ActiveCfg = Release|Win32
		{8018D622-66BA-4E65-9D03-BDAC37EA9A54}.Release|Win32.Build.0 = Release|Win32
	EndGlobalSection
	GlobalSection(SolutionProperties) = preSolution
		HideSolutionNode = FALSE
	EndGlobalSection
	GlobalSection(NestedProjects) = preSolution
		{96C559CA-9718-4BEC-A053-28A0AB6A8CA2} = {34FA6257-2E1C-49A7-B962-1F945F58ACEA}
		{8018D622-66BA-4E65-9D03-BDAC37EA9A54} = {34FA6257-2E1C-49A7-B962-1F945F58ACEA}
	EndGlobalSection
EndGlobal
