
Microsoft Visual Studio Solution File, Format Version 12.00
# Visual Studio Version 17
VisualStudioVersion = 17.4.33205.214
MinimumVisualStudioVersion = 10.0.40219.1
Project("{8BC9CEB8-8B4A-11D0-8D11-00A0C91BC942}") = "Cpp", "Cpp\Cpp.vcxproj", "{7FDFBF42-6E4A-4B29-A717-BB5522FE5AA5}"
EndProject
Project("{8BC9CEB8-8B4A-11D0-8D11-00A0C91BC942}") = "GacUILite", "..\Lib\GacUILite\GacUILite.vcxproj", "{96C559CA-9718-4BEC-A053-28A0AB6A8CA2}"
EndProject
Project("{8BC9CEB8-8B4A-11D0-8D11-00A0C91BC942}") = "GacUI", "..\Lib\GacUI\GacUI.vcxproj", "{8018D622-66BA-4E65-9D03-BDAC37EA9A54}"
EndProject
Project("{2150E333-8FDC-42A3-9474-1A3956D46DE8}") = "Lib", "Lib", "{A01236E9-92C5-424F-B564-DBF1A9F94E7F}"
EndProject
Project("{8BC9CEB8-8B4A-11D0-8D11-00A0C91BC942}") = "WorkflowScript", "WorkflowScript\WorkflowScript.vcxproj", "{F56E51BA-C13B-411D-841B-633AF07BB902}"
EndProject
Project("{8BC9CEB8-8B4A-11D0-8D11-00A0C91BC942}") = "CppXml", "CppXml\CppXml.vcxproj", "{1C4986FB-6988-4562-A5BA-CBB7D21FCE40}"
EndProject
Project("{8BC9CEB8-8B4A-11D0-8D11-00A0C91BC942}") = "MVVM", "MVVM\MVVM.vcxproj", "{3EC7E343-4D10-4E6B-B5EE-485B38AFAD85}"
EndProject
Project("{8BC9CEB8-8B4A-11D0-8D11-00A0C91BC942}") = "GacUIComplete", "..\Lib\GacUIComplete\GacUIComplete.vcxproj", "{3AEC5E1A-482F-41B1-8598-C02321621A64}"
EndProject
Project("{8BC9CEB8-8B4A-11D0-8D11-00A0C91BC942}") = "Xml", "Xml\Xml.vcxproj", "{4C3F091C-1A77-401A-B773-E755A2E6E0F5}"
EndProject
Global
	GlobalSection(SolutionConfigurationPlatforms) = preSolution
		Debug|Win32 = Debug|Win32
		Debug|x64 = Debug|x64
		Release|Win32 = Release|Win32
		Release|x64 = Release|x64
	EndGlobalSection
	GlobalSection(ProjectConfigurationPlatforms) = postSolution
		{7FDFBF42-6E4A-4B29-A717-BB5522FE5AA5}.Debug|Win32.ActiveCfg = Debug|Win32
		{7FDFBF42-6E4A-4B29-A717-BB5522FE5AA5}.Debug|Win32.Build.0 = Debug|Win32
		{7FDFBF42-6E4A-4B29-A717-BB5522FE5AA5}.Debug|x64.ActiveCfg = Debug|x64
		{7FDFBF42-6E4A-4B29-A717-BB5522FE5AA5}.Debug|x64.Build.0 = Debug|x64
		{7FDFBF42-6E4A-4B29-A717-BB5522FE5AA5}.Release|Win32.ActiveCfg = Release|Win32
		{7FDFBF42-6E4A-4B29-A717-BB5522FE5AA5}.Release|Win32.Build.0 = Release|Win32
		{7FDFBF42-6E4A-4B29-A717-BB5522FE5AA5}.Release|x64.ActiveCfg = Release|x64
		{7FDFBF42-6E4A-4B29-A717-BB5522FE5AA5}.Release|x64.Build.0 = Release|x64
		{96C559CA-9718-4BEC-A053-28A0AB6A8CA2}.Debug|Win32.ActiveCfg = Debug|Win32
		{96C559CA-9718-4BEC-A053-28A0AB6A8CA2}.Debug|Win32.Build.0 = Debug|Win32
		{96C559CA-9718-4BEC-A053-28A0AB6A8CA2}.Debug|x64.ActiveCfg = Debug|x64
		{96C559CA-9718-4BEC-A053-28A0AB6A8CA2}.Debug|x64.Build.0 = Debug|x64
		{96C559CA-9718-4BEC-A053-28A0AB6A8CA2}.Release|Win32.ActiveCfg = Release|Win32
		{96C559CA-9718-4BEC-A053-28A0AB6A8CA2}.Release|Win32.Build.0 = Release|Win32
		{96C559CA-9718-4BEC-A053-28A0AB6A8CA2}.Release|x64.ActiveCfg = Release|x64
		{96C559CA-9718-4BEC-A053-28A0AB6A8CA2}.Release|x64.Build.0 = Release|x64
		{8018D622-66BA-4E65-9D03-BDAC37EA9A54}.Debug|Win32.ActiveCfg = Debug|Win32
		{8018D622-66BA-4E65-9D03-BDAC37EA9A54}.Debug|Win32.Build.0 = Debug|Win32
		{8018D622-66BA-4E65-9D03-BDAC37EA9A54}.Debug|x64.ActiveCfg = Debug|x64
		{8018D622-66BA-4E65-9D03-BDAC37EA9A54}.Debug|x64.Build.0 = Debug|x64
		{8018D622-66BA-4E65-9D03-BDAC37EA9A54}.Release|Win32.ActiveCfg = Release|Win32
		{8018D622-66BA-4E65-9D03-BDAC37EA9A54}.Release|Win32.Build.0 = Release|Win32
		{8018D622-66BA-4E65-9D03-BDAC37EA9A54}.Release|x64.ActiveCfg = Release|x64
		{8018D622-66BA-4E65-9D03-BDAC37EA9A54}.Release|x64.Build.0 = Release|x64
		{F56E51BA-C13B-411D-841B-633AF07BB902}.Debug|Win32.ActiveCfg = Debug|Win32
		{F56E51BA-C13B-411D-841B-633AF07BB902}.Debug|Win32.Build.0 = Debug|Win32
		{F56E51BA-C13B-411D-841B-633AF07BB902}.Debug|x64.ActiveCfg = Debug|x64
		{F56E51BA-C13B-411D-841B-633AF07BB902}.Debug|x64.Build.0 = Debug|x64
		{F56E51BA-C13B-411D-841B-633AF07BB902}.Release|Win32.ActiveCfg = Release|Win32
		{F56E51BA-C13B-411D-841B-633AF07BB902}.Release|Win32.Build.0 = Release|Win32
		{F56E51BA-C13B-411D-841B-633AF07BB902}.Release|x64.ActiveCfg = Release|x64
		{F56E51BA-C13B-411D-841B-633AF07BB902}.Release|x64.Build.0 = Release|x64
		{1C4986FB-6988-4562-A5BA-CBB7D21FCE40}.Debug|Win32.ActiveCfg = Debug|Win32
		{1C4986FB-6988-4562-A5BA-CBB7D21FCE40}.Debug|Win32.Build.0 = Debug|Win32
		{1C4986FB-6988-4562-A5BA-CBB7D21FCE40}.Debug|x64.ActiveCfg = Debug|x64
		{1C4986FB-6988-4562-A5BA-CBB7D21FCE40}.Debug|x64.Build.0 = Debug|x64
		{1C4986FB-6988-4562-A5BA-CBB7D21FCE40}.Release|Win32.ActiveCfg = Release|Win32
		{1C4986FB-6988-4562-A5BA-CBB7D21FCE40}.Release|Win32.Build.0 = Release|Win32
		{1C4986FB-6988-4562-A5BA-CBB7D21FCE40}.Release|x64.ActiveCfg = Release|x64
		{1C4986FB-6988-4562-A5BA-CBB7D21FCE40}.Release|x64.Build.0 = Release|x64
		{3EC7E343-4D10-4E6B-B5EE-485B38AFAD85}.Debug|Win32.ActiveCfg = Debug|Win32
		{3EC7E343-4D10-4E6B-B5EE-485B38AFAD85}.Debug|Win32.Build.0 = Debug|Win32
		{3EC7E343-4D10-4E6B-B5EE-485B38AFAD85}.Debug|x64.ActiveCfg = Debug|x64
		{3EC7E343-4D10-4E6B-B5EE-485B38AFAD85}.Debug|x64.Build.0 = Debug|x64
		{3EC7E343-4D10-4E6B-B5EE-485B38AFAD85}.Release|Win32.ActiveCfg = Release|Win32
		{3EC7E343-4D10-4E6B-B5EE-485B38AFAD85}.Release|Win32.Build.0 = Release|Win32
		{3EC7E343-4D10-4E6B-B5EE-485B38AFAD85}.Release|x64.ActiveCfg = Release|x64
		{3EC7E343-4D10-4E6B-B5EE-485B38AFAD85}.Release|x64.Build.0 = Release|x64
		{3AEC5E1A-482F-41B1-8598-C02321621A64}.Debug|Win32.ActiveCfg = Debug|Win32
		{3AEC5E1A-482F-41B1-8598-C02321621A64}.Debug|Win32.Build.0 = Debug|Win32
		{3AEC5E1A-482F-41B1-8598-C02321621A64}.Debug|x64.ActiveCfg = Debug|x64
		{3AEC5E1A-482F-41B1-8598-C02321621A64}.Debug|x64.Build.0 = Debug|x64
		{3AEC5E1A-482F-41B1-8598-C02321621A64}.Release|Win32.ActiveCfg = Release|Win32
		{3AEC5E1A-482F-41B1-8598-C02321621A64}.Release|Win32.Build.0 = Release|Win32
		{3AEC5E1A-482F-41B1-8598-C02321621A64}.Release|x64.ActiveCfg = Release|x64
		{3AEC5E1A-482F-41B1-8598-C02321621A64}.Release|x64.Build.0 = Release|x64
		{4C3F091C-1A77-401A-B773-E755A2E6E0F5}.Debug|Win32.ActiveCfg = Debug|Win32
		{4C3F091C-1A77-401A-B773-E755A2E6E0F5}.Debug|Win32.Build.0 = Debug|Win32
		{4C3F091C-1A77-401A-B773-E755A2E6E0F5}.Debug|x64.ActiveCfg = Debug|x64
		{4C3F091C-1A77-401A-B773-E755A2E6E0F5}.Debug|x64.Build.0 = Debug|x64
		{4C3F091C-1A77-401A-B773-E755A2E6E0F5}.Release|Win32.ActiveCfg = Release|Win32
		{4C3F091C-1A77-401A-B773-E755A2E6E0F5}.Release|Win32.Build.0 = Release|Win32
		{4C3F091C-1A77-401A-B773-E755A2E6E0F5}.Release|x64.ActiveCfg = Release|x64
		{4C3F091C-1A77-401A-B773-E755A2E6E0F5}.Release|x64.Build.0 = Release|x64
	EndGlobalSection
	GlobalSection(SolutionProperties) = preSolution
		HideSolutionNode = FALSE
	EndGlobalSection
	GlobalSection(NestedProjects) = preSolution
		{96C559CA-9718-4BEC-A053-28A0AB6A8CA2} = {A01236E9-92C5-424F-B564-DBF1A9F94E7F}
		{8018D622-66BA-4E65-9D03-BDAC37EA9A54} = {A01236E9-92C5-424F-B564-DBF1A9F94E7F}
		{3AEC5E1A-482F-41B1-8598-C02321621A64} = {A01236E9-92C5-424F-B564-DBF1A9F94E7F}
	EndGlobalSection
	GlobalSection(ExtensibilityGlobals) = postSolution
		SolutionGuid = {181FA00F-9877-47BE-BB19-0B535FE7547D}
	EndGlobalSection
EndGlobal
