
Microsoft Visual Studio Solution File, Format Version 12.00
# Visual Studio 14
VisualStudioVersion = 14.0.25420.1
MinimumVisualStudioVersion = 10.0.40219.1
Project("{8BC9CEB8-8B4A-11D0-8D11-00A0C91BC942}") = "BlackSkin", "BlackSkin\BlackSkin.vcxproj", "{DCAB59C4-4394-4F79-8BE1-835B1313651B}"
EndProject
Project("{2150E333-8FDC-42A3-9474-1A3956D46DE8}") = "Lib", "Lib", "{A7FA6C2B-37E0-4C2B-AC76-6E577A987492}"
EndProject
Project("{8BC9CEB8-8B4A-11D0-8D11-00A0C91BC942}") = "GacUILite", "..\Lib\GacUILite\GacUILite.vcxproj", "{96C559CA-9718-4BEC-A053-28A0AB6A8CA2}"
EndProject
Global
	GlobalSection(SolutionConfigurationPlatforms) = preSolution
		Debug|Win32 = Debug|Win32
		Release|Win32 = Release|Win32
	EndGlobalSection
	GlobalSection(ProjectConfigurationPlatforms) = postSolution
		{DCAB59C4-4394-4F79-8BE1-835B1313651B}.Debug|Win32.ActiveCfg = Debug|Win32
		{DCAB59C4-4394-4F79-8BE1-835B1313651B}.Debug|Win32.Build.0 = Debug|Win32
		{DCAB59C4-4394-4F79-8BE1-835B1313651B}.Release|Win32.ActiveCfg = Release|Win32
		{DCAB59C4-4394-4F79-8BE1-835B1313651B}.Release|Win32.Build.0 = Release|Win32
		{96C559CA-9718-4BEC-A053-28A0AB6A8CA2}.Debug|Win32.ActiveCfg = Debug|Win32
		{96C559CA-9718-4BEC-A053-28A0AB6A8CA2}.Debug|Win32.Build.0 = Debug|Win32
		{96C559CA-9718-4BEC-A053-28A0AB6A8CA2}.Release|Win32.ActiveCfg = Release|Win32
		{96C559CA-9718-4BEC-A053-28A0AB6A8CA2}.Release|Win32.Build.0 = Release|Win32
	EndGlobalSection
	GlobalSection(SolutionProperties) = preSolution
		HideSolutionNode = FALSE
	EndGlobalSection
	GlobalSection(NestedProjects) = preSolution
		{96C559CA-9718-4BEC-A053-28A0AB6A8CA2} = {A7FA6C2B-37E0-4C2B-AC76-6E577A987492}
	EndGlobalSection
EndGlobal
